// !$*UTF8*$!
{
	archiveVersion = 1;
	classes = {
	};
	objectVersion = 46;
	objects = {

/* Begin PBXBuildFile section */
		0766BA091B67B8C40017ABB1 /* 2153995b4dc6a7c4de7f5ac94a706acc.jpg in Resources */ = {isa = PBXBuildFile; fileRef = 0766BA081B67B8C40017ABB1 /* 2153995b4dc6a7c4de7f5ac94a706acc.jpg */; };
		1121EA921BC5477500CC7249 /* CoreBluetooth.framework in Frameworks */ = {isa = PBXBuildFile; fileRef = 1121EA911BC5477500CC7249 /* CoreBluetooth.framework */; };
		116179BB1B833E65007C53F6 /* MBProgressHUD.m in Sources */ = {isa = PBXBuildFile; fileRef = 116179B31B833E65007C53F6 /* MBProgressHUD.m */; };
		116179BC1B833E65007C53F6 /* IQKeyboardManager.m in Sources */ = {isa = PBXBuildFile; fileRef = 116179B51B833E65007C53F6 /* IQKeyboardManager.m */; };
		116179D81B83459B007C53F6 /* NTContact.m in Sources */ = {isa = PBXBuildFile; fileRef = 116179D01B83459B007C53F6 /* NTContact.m */; };
		116179D91B83459B007C53F6 /* NTContactGroup.m in Sources */ = {isa = PBXBuildFile; fileRef = 116179D21B83459B007C53F6 /* NTContactGroup.m */; };
		116179E71B835429007C53F6 /* ContactViewController.m in Sources */ = {isa = PBXBuildFile; fileRef = 116179E61B835429007C53F6 /* ContactViewController.m */; };
		116E582F1B7BA1A700EAFED0 /* libsqlite3.dylib in Frameworks */ = {isa = PBXBuildFile; fileRef = 116E582E1B7BA1A700EAFED0 /* libsqlite3.dylib */; };
		11A76C711BC2B78B00572BDD /* Main.storyboard in Resources */ = {isa = PBXBuildFile; fileRef = 11A76C6F1BC2B78B00572BDD /* Main.storyboard */; };
		11BB665B1BC2796400F868D5 /* AddFriendViewController.m in Sources */ = {isa = PBXBuildFile; fileRef = 11BB665A1BC2796400F868D5 /* AddFriendViewController.m */; };
		11D71A891BB984DA001D7976 /* CustomIOSAlertView.m in Sources */ = {isa = PBXBuildFile; fileRef = 11D71A881BB984DA001D7976 /* CustomIOSAlertView.m */; };
		11E395F81BACECF9009F2CD2 /* 123.png in Resources */ = {isa = PBXBuildFile; fileRef = 11E395F71BACECF9009F2CD2 /* 123.png */; };
		11E396071BACEE08009F2CD2 /* bg.png in Resources */ = {isa = PBXBuildFile; fileRef = 11E395F91BACEE08009F2CD2 /* bg.png */; };
		11E396081BACEE08009F2CD2 /* icon.png in Resources */ = {isa = PBXBuildFile; fileRef = 11E395FA1BACEE08009F2CD2 /* icon.png */; };
		11E396091BACEE08009F2CD2 /* location_icon_end.png in Resources */ = {isa = PBXBuildFile; fileRef = 11E395FB1BACEE08009F2CD2 /* location_icon_end.png */; };
		11E3960A1BACEE08009F2CD2 /* location_icon_purple.png in Resources */ = {isa = PBXBuildFile; fileRef = 11E395FC1BACEE08009F2CD2 /* location_icon_purple.png */; };
		11E3960B1BACEE08009F2CD2 /* location_icon_start.png in Resources */ = {isa = PBXBuildFile; fileRef = 11E395FD1BACEE08009F2CD2 /* location_icon_start.png */; };
		11E3960C1BACEE08009F2CD2 /* location_icon_yellow.png in Resources */ = {isa = PBXBuildFile; fileRef = 11E395FE1BACEE08009F2CD2 /* location_icon_yellow.png */; };
		11E3960D1BACEE08009F2CD2 /* login_btn_normal.png in Resources */ = {isa = PBXBuildFile; fileRef = 11E395FF1BACEE08009F2CD2 /* login_btn_normal.png */; };
		11E3960E1BACEE08009F2CD2 /* login_userimage.png in Resources */ = {isa = PBXBuildFile; fileRef = 11E396001BACEE08009F2CD2 /* login_userimage.png */; };
		11E3960F1BACEE08009F2CD2 /* menu_contacts_normal.png in Resources */ = {isa = PBXBuildFile; fileRef = 11E396011BACEE08009F2CD2 /* menu_contacts_normal.png */; };
		11E396101BACEE08009F2CD2 /* menu_contacts_selected.png in Resources */ = {isa = PBXBuildFile; fileRef = 11E396021BACEE08009F2CD2 /* menu_contacts_selected.png */; };
		11E396111BACEE08009F2CD2 /* menu_location_normal.png in Resources */ = {isa = PBXBuildFile; fileRef = 11E396031BACEE08009F2CD2 /* menu_location_normal.png */; };
		11E396121BACEE08009F2CD2 /* menu_location_selected.png in Resources */ = {isa = PBXBuildFile; fileRef = 11E396041BACEE08009F2CD2 /* menu_location_selected.png */; };
		11E396131BACEE08009F2CD2 /* menu_setting_normal.png in Resources */ = {isa = PBXBuildFile; fileRef = 11E396051BACEE08009F2CD2 /* menu_setting_normal.png */; };
		11E396141BACEE08009F2CD2 /* menu_setting_selected.png in Resources */ = {isa = PBXBuildFile; fileRef = 11E396061BACEE08009F2CD2 /* menu_setting_selected.png */; };
		11F37E081BAFF89500BC20A5 /* comWithDB.m in Sources */ = {isa = PBXBuildFile; fileRef = 11F37E071BAFF89500BC20A5 /* comWithDB.m */; };
		235FE80A18B9DE270021ECBD /* Foundation.framework in Frameworks */ = {isa = PBXBuildFile; fileRef = 235FE80918B9DE270021ECBD /* Foundation.framework */; };
		235FE80C18B9DE270021ECBD /* CoreGraphics.framework in Frameworks */ = {isa = PBXBuildFile; fileRef = 235FE80B18B9DE270021ECBD /* CoreGraphics.framework */; };
		235FE80E18B9DE270021ECBD /* UIKit.framework in Frameworks */ = {isa = PBXBuildFile; fileRef = 235FE80D18B9DE270021ECBD /* UIKit.framework */; };
		235FE81418B9DE270021ECBD /* InfoPlist.strings in Resources */ = {isa = PBXBuildFile; fileRef = 235FE81218B9DE270021ECBD /* InfoPlist.strings */; };
		235FE81618B9DE270021ECBD /* main.m in Sources */ = {isa = PBXBuildFile; fileRef = 235FE81518B9DE270021ECBD /* main.m */; };
		235FE81A18B9DE270021ECBD /* loginAppDelegate.m in Sources */ = {isa = PBXBuildFile; fileRef = 235FE81918B9DE270021ECBD /* loginAppDelegate.m */; };
		235FE82018B9DE270021ECBD /* loginViewController.m in Sources */ = {isa = PBXBuildFile; fileRef = 235FE81F18B9DE270021ECBD /* loginViewController.m */; };
		235FE82218B9DE270021ECBD /* Images.xcassets in Resources */ = {isa = PBXBuildFile; fileRef = 235FE82118B9DE270021ECBD /* Images.xcassets */; };
		235FE82918B9DE270021ECBD /* XCTest.framework in Frameworks */ = {isa = PBXBuildFile; fileRef = 235FE82818B9DE270021ECBD /* XCTest.framework */; };
		235FE82A18B9DE270021ECBD /* Foundation.framework in Frameworks */ = {isa = PBXBuildFile; fileRef = 235FE80918B9DE270021ECBD /* Foundation.framework */; };
		235FE82B18B9DE270021ECBD /* UIKit.framework in Frameworks */ = {isa = PBXBuildFile; fileRef = 235FE80D18B9DE270021ECBD /* UIKit.framework */; };
		235FE83318B9DE270021ECBD /* InfoPlist.strings in Resources */ = {isa = PBXBuildFile; fileRef = 235FE83118B9DE270021ECBD /* InfoPlist.strings */; };
		235FE83518B9DE270021ECBD /* LoginTests.m in Sources */ = {isa = PBXBuildFile; fileRef = 235FE83418B9DE270021ECBD /* LoginTests.m */; };
		881B6C781BEB945600A49C6C /* RSSModel.m in Sources */ = {isa = PBXBuildFile; fileRef = 881B6C761BEB945600A49C6C /* RSSModel.m */; };
		882C02D51C003FD40012C4AF /* CoreMotion.framework in Frameworks */ = {isa = PBXBuildFile; fileRef = 882C02D41C003FD40012C4AF /* CoreMotion.framework */; };
		882C02D71C003FDC0012C4AF /* AudioToolbox.framework in Frameworks */ = {isa = PBXBuildFile; fileRef = 882C02D61C003FDC0012C4AF /* AudioToolbox.framework */; };
		882C02D91C0040020012C4AF /* MediaPlayer.framework in Frameworks */ = {isa = PBXBuildFile; fileRef = 882C02D81C0040020012C4AF /* MediaPlayer.framework */; };
		882C02DB1C00400F0012C4AF /* MessageUI.framework in Frameworks */ = {isa = PBXBuildFile; fileRef = 882C02DA1C00400F0012C4AF /* MessageUI.framework */; };
		882C02DD1C00401A0012C4AF /* libz.dylib in Frameworks */ = {isa = PBXBuildFile; fileRef = 882C02DC1C00401A0012C4AF /* libz.dylib */; };
		882C02E31C0AE10F0012C4AF /* room445.jpg in Resources */ = {isa = PBXBuildFile; fileRef = 882C02E21C0AE10F0012C4AF /* room445.jpg */; };
		8867F2411BB95C5000F9CC1A /* TTObject.m in Sources */ = {isa = PBXBuildFile; fileRef = 8867F2401BB95C5000F9CC1A /* TTObject.m */; };
		886E04ED1BFB1F2C00C5222A /* test.txt in Resources */ = {isa = PBXBuildFile; fileRef = 886E04EC1BFB1F2C00C5222A /* test.txt */; };
		8896DB701BB1852700C78966 /* registerViewController.m in Sources */ = {isa = PBXBuildFile; fileRef = 8896DB6F1BB1852700C78966 /* registerViewController.m */; };
		8896DB731BB19F7B00C78966 /* newKeyViewController.m in Sources */ = {isa = PBXBuildFile; fileRef = 8896DB721BB19F7B00C78966 /* newKeyViewController.m */; };
		8896DB761BB1B06C00C78966 /* infoViewController.m in Sources */ = {isa = PBXBuildFile; fileRef = 8896DB751BB1B06C00C78966 /* infoViewController.m */; };
		8896DB8B1BB92C7800C78966 /* Car.m in Sources */ = {isa = PBXBuildFile; fileRef = 8896DB851BB92C7800C78966 /* Car.m */; };
		8896DB8C1BB92C7800C78966 /* CarEditViewController.m in Sources */ = {isa = PBXBuildFile; fileRef = 8896DB871BB92C7800C78966 /* CarEditViewController.m */; };
		8896DB931BB92C9100C78966 /* friend.png in Resources */ = {isa = PBXBuildFile; fileRef = 8896DB8E1BB92C9100C78966 /* friend.png */; };
		8896DB941BB92C9100C78966 /* p2.jpg in Resources */ = {isa = PBXBuildFile; fileRef = 8896DB8F1BB92C9100C78966 /* p2.jpg */; };
		8896DB951BB92C9100C78966 /* p3.jpg in Resources */ = {isa = PBXBuildFile; fileRef = 8896DB901BB92C9100C78966 /* p3.jpg */; };
		8896DB961BB92C9100C78966 /* p4.jpg in Resources */ = {isa = PBXBuildFile; fileRef = 8896DB911BB92C9100C78966 /* p4.jpg */; };
		8896DB971BB92C9100C78966 /* self.png in Resources */ = {isa = PBXBuildFile; fileRef = 8896DB921BB92C9100C78966 /* self.png */; };
		8896DB9F1BB92EB500C78966 /* MapViewController.m in Sources */ = {isa = PBXBuildFile; fileRef = 8896DB9E1BB92EB500C78966 /* MapViewController.m */; };
		889BA04A1BD9B83400AC5EAF /* aboutViewController.m in Sources */ = {isa = PBXBuildFile; fileRef = 889BA0491BD9B83400AC5EAF /* aboutViewController.m */; };
/* End PBXBuildFile section */

/* Begin PBXContainerItemProxy section */
		235FE82C18B9DE270021ECBD /* PBXContainerItemProxy */ = {
			isa = PBXContainerItemProxy;
			containerPortal = 235FE7FE18B9DE270021ECBD /* Project object */;
			proxyType = 1;
			remoteGlobalIDString = 235FE80518B9DE270021ECBD;
			remoteInfo = Login;
		};
/* End PBXContainerItemProxy section */

/* Begin PBXFileReference section */
		0766BA081B67B8C40017ABB1 /* 2153995b4dc6a7c4de7f5ac94a706acc.jpg */ = {isa = PBXFileReference; lastKnownFileType = image.jpeg; path = 2153995b4dc6a7c4de7f5ac94a706acc.jpg; sourceTree = "<group>"; };
		1121EA911BC5477500CC7249 /* CoreBluetooth.framework */ = {isa = PBXFileReference; lastKnownFileType = wrapper.framework; name = CoreBluetooth.framework; path = System/Library/Frameworks/CoreBluetooth.framework; sourceTree = SDKROOT; };
		116179B21B833E65007C53F6 /* MBProgressHUD.h */ = {isa = PBXFileReference; fileEncoding = 4; lastKnownFileType = sourcecode.c.h; name = MBProgressHUD.h; path = thirdparty/HUD/MBProgressHUD.h; sourceTree = "<group>"; };
		116179B31B833E65007C53F6 /* MBProgressHUD.m */ = {isa = PBXFileReference; fileEncoding = 4; lastKnownFileType = sourcecode.c.objc; name = MBProgressHUD.m; path = thirdparty/HUD/MBProgressHUD.m; sourceTree = "<group>"; };
		116179B41B833E65007C53F6 /* IQKeyboardManager.h */ = {isa = PBXFileReference; fileEncoding = 4; lastKnownFileType = sourcecode.c.h; name = IQKeyboardManager.h; path = thirdparty/IQKBM/IQKeyboardManager.h; sourceTree = "<group>"; };
		116179B51B833E65007C53F6 /* IQKeyboardManager.m */ = {isa = PBXFileReference; fileEncoding = 4; lastKnownFileType = sourcecode.c.objc; name = IQKeyboardManager.m; path = thirdparty/IQKBM/IQKeyboardManager.m; sourceTree = "<group>"; };
		116179CF1B83459B007C53F6 /* NTContact.h */ = {isa = PBXFileReference; fileEncoding = 4; lastKnownFileType = sourcecode.c.h; name = NTContact.h; path = thirdparty/NTTableView/NTContact.h; sourceTree = "<group>"; };
		116179D01B83459B007C53F6 /* NTContact.m */ = {isa = PBXFileReference; fileEncoding = 4; lastKnownFileType = sourcecode.c.objc; name = NTContact.m; path = thirdparty/NTTableView/NTContact.m; sourceTree = "<group>"; };
		116179D11B83459B007C53F6 /* NTContactGroup.h */ = {isa = PBXFileReference; fileEncoding = 4; lastKnownFileType = sourcecode.c.h; name = NTContactGroup.h; path = thirdparty/NTTableView/NTContactGroup.h; sourceTree = "<group>"; };
		116179D21B83459B007C53F6 /* NTContactGroup.m */ = {isa = PBXFileReference; fileEncoding = 4; lastKnownFileType = sourcecode.c.objc; name = NTContactGroup.m; path = thirdparty/NTTableView/NTContactGroup.m; sourceTree = "<group>"; };
		116179E51B835429007C53F6 /* ContactViewController.h */ = {isa = PBXFileReference; fileEncoding = 4; lastKnownFileType = sourcecode.c.h; path = ContactViewController.h; sourceTree = "<group>"; };
		116179E61B835429007C53F6 /* ContactViewController.m */ = {isa = PBXFileReference; fileEncoding = 4; lastKnownFileType = sourcecode.c.objc; path = ContactViewController.m; sourceTree = "<group>"; };
		116E582E1B7BA1A700EAFED0 /* libsqlite3.dylib */ = {isa = PBXFileReference; lastKnownFileType = "compiled.mach-o.dylib"; name = libsqlite3.dylib; path = usr/lib/libsqlite3.dylib; sourceTree = SDKROOT; };
		11A76C701BC2B78B00572BDD /* Base */ = {isa = PBXFileReference; lastKnownFileType = file.storyboard; name = Base; path = Base.lproj/Main.storyboard; sourceTree = "<group>"; };
		11BB66591BC2796400F868D5 /* AddFriendViewController.h */ = {isa = PBXFileReference; fileEncoding = 4; lastKnownFileType = sourcecode.c.h; path = AddFriendViewController.h; sourceTree = "<group>"; };
		11BB665A1BC2796400F868D5 /* AddFriendViewController.m */ = {isa = PBXFileReference; fileEncoding = 4; lastKnownFileType = sourcecode.c.objc; path = AddFriendViewController.m; sourceTree = "<group>"; };
		11D71A871BB984DA001D7976 /* CustomIOSAlertView.h */ = {isa = PBXFileReference; fileEncoding = 4; lastKnownFileType = sourcecode.c.h; name = CustomIOSAlertView.h; path = thirdparty/customAlertView/CustomIOSAlertView.h; sourceTree = "<group>"; };
		11D71A881BB984DA001D7976 /* CustomIOSAlertView.m */ = {isa = PBXFileReference; fileEncoding = 4; lastKnownFileType = sourcecode.c.objc; name = CustomIOSAlertView.m; path = thirdparty/customAlertView/CustomIOSAlertView.m; sourceTree = "<group>"; };
		11E395F71BACECF9009F2CD2 /* 123.png */ = {isa = PBXFileReference; lastKnownFileType = image.png; name = 123.png; path = picture/123.png; sourceTree = "<group>"; };
		11E395F91BACEE08009F2CD2 /* bg.png */ = {isa = PBXFileReference; lastKnownFileType = image.png; name = bg.png; path = picture/bg.png; sourceTree = "<group>"; };
		11E395FA1BACEE08009F2CD2 /* icon.png */ = {isa = PBXFileReference; lastKnownFileType = image.png; name = icon.png; path = picture/icon.png; sourceTree = "<group>"; };
		11E395FB1BACEE08009F2CD2 /* location_icon_end.png */ = {isa = PBXFileReference; lastKnownFileType = image.png; name = location_icon_end.png; path = picture/location_icon_end.png; sourceTree = "<group>"; };
		11E395FC1BACEE08009F2CD2 /* location_icon_purple.png */ = {isa = PBXFileReference; lastKnownFileType = image.png; name = location_icon_purple.png; path = picture/location_icon_purple.png; sourceTree = "<group>"; };
		11E395FD1BACEE08009F2CD2 /* location_icon_start.png */ = {isa = PBXFileReference; lastKnownFileType = image.png; name = location_icon_start.png; path = picture/location_icon_start.png; sourceTree = "<group>"; };
		11E395FE1BACEE08009F2CD2 /* location_icon_yellow.png */ = {isa = PBXFileReference; lastKnownFileType = image.png; name = location_icon_yellow.png; path = picture/location_icon_yellow.png; sourceTree = "<group>"; };
		11E395FF1BACEE08009F2CD2 /* login_btn_normal.png */ = {isa = PBXFileReference; lastKnownFileType = image.png; name = login_btn_normal.png; path = picture/login_btn_normal.png; sourceTree = "<group>"; };
		11E396001BACEE08009F2CD2 /* login_userimage.png */ = {isa = PBXFileReference; lastKnownFileType = image.png; name = login_userimage.png; path = picture/login_userimage.png; sourceTree = "<group>"; };
		11E396011BACEE08009F2CD2 /* menu_contacts_normal.png */ = {isa = PBXFileReference; lastKnownFileType = image.png; name = menu_contacts_normal.png; path = picture/menu_contacts_normal.png; sourceTree = "<group>"; };
		11E396021BACEE08009F2CD2 /* menu_contacts_selected.png */ = {isa = PBXFileReference; lastKnownFileType = image.png; name = menu_contacts_selected.png; path = picture/menu_contacts_selected.png; sourceTree = "<group>"; };
		11E396031BACEE08009F2CD2 /* menu_location_normal.png */ = {isa = PBXFileReference; lastKnownFileType = image.png; name = menu_location_normal.png; path = picture/menu_location_normal.png; sourceTree = "<group>"; };
		11E396041BACEE08009F2CD2 /* menu_location_selected.png */ = {isa = PBXFileReference; lastKnownFileType = image.png; name = menu_location_selected.png; path = picture/menu_location_selected.png; sourceTree = "<group>"; };
		11E396051BACEE08009F2CD2 /* menu_setting_normal.png */ = {isa = PBXFileReference; lastKnownFileType = image.png; name = menu_setting_normal.png; path = picture/menu_setting_normal.png; sourceTree = "<group>"; };
		11E396061BACEE08009F2CD2 /* menu_setting_selected.png */ = {isa = PBXFileReference; lastKnownFileType = image.png; name = menu_setting_selected.png; path = picture/menu_setting_selected.png; sourceTree = "<group>"; };
		11F37E061BAFF89500BC20A5 /* comWithDB.h */ = {isa = PBXFileReference; fileEncoding = 4; lastKnownFileType = sourcecode.c.h; path = comWithDB.h; sourceTree = "<group>"; };
		11F37E071BAFF89500BC20A5 /* comWithDB.m */ = {isa = PBXFileReference; fileEncoding = 4; lastKnownFileType = sourcecode.c.objc; path = comWithDB.m; sourceTree = "<group>"; };
		235FE80618B9DE270021ECBD /* Login.app */ = {isa = PBXFileReference; explicitFileType = wrapper.application; includeInIndex = 0; path = Login.app; sourceTree = BUILT_PRODUCTS_DIR; };
		235FE80918B9DE270021ECBD /* Foundation.framework */ = {isa = PBXFileReference; lastKnownFileType = wrapper.framework; name = Foundation.framework; path = System/Library/Frameworks/Foundation.framework; sourceTree = SDKROOT; };
		235FE80B18B9DE270021ECBD /* CoreGraphics.framework */ = {isa = PBXFileReference; lastKnownFileType = wrapper.framework; name = CoreGraphics.framework; path = System/Library/Frameworks/CoreGraphics.framework; sourceTree = SDKROOT; };
		235FE80D18B9DE270021ECBD /* UIKit.framework */ = {isa = PBXFileReference; lastKnownFileType = wrapper.framework; name = UIKit.framework; path = System/Library/Frameworks/UIKit.framework; sourceTree = SDKROOT; };
		235FE81118B9DE270021ECBD /* Login-Info.plist */ = {isa = PBXFileReference; lastKnownFileType = text.plist.xml; path = "Login-Info.plist"; sourceTree = "<group>"; };
		235FE81318B9DE270021ECBD /* en */ = {isa = PBXFileReference; lastKnownFileType = text.plist.strings; name = en; path = en.lproj/InfoPlist.strings; sourceTree = "<group>"; };
		235FE81518B9DE270021ECBD /* main.m */ = {isa = PBXFileReference; lastKnownFileType = sourcecode.c.objc; path = main.m; sourceTree = "<group>"; };
		235FE81718B9DE270021ECBD /* Login-Prefix.pch */ = {isa = PBXFileReference; lastKnownFileType = sourcecode.c.h; path = "Login-Prefix.pch"; sourceTree = "<group>"; };
		235FE81818B9DE270021ECBD /* loginAppDelegate.h */ = {isa = PBXFileReference; lastKnownFileType = sourcecode.c.h; path = loginAppDelegate.h; sourceTree = "<group>"; };
		235FE81918B9DE270021ECBD /* loginAppDelegate.m */ = {isa = PBXFileReference; lastKnownFileType = sourcecode.c.objc; path = loginAppDelegate.m; sourceTree = "<group>"; };
		235FE81E18B9DE270021ECBD /* loginViewController.h */ = {isa = PBXFileReference; lastKnownFileType = sourcecode.c.h; path = loginViewController.h; sourceTree = "<group>"; };
		235FE81F18B9DE270021ECBD /* loginViewController.m */ = {isa = PBXFileReference; lastKnownFileType = sourcecode.c.objc; path = loginViewController.m; sourceTree = "<group>"; };
		235FE82118B9DE270021ECBD /* Images.xcassets */ = {isa = PBXFileReference; lastKnownFileType = folder.assetcatalog; path = Images.xcassets; sourceTree = "<group>"; };
		235FE82718B9DE270021ECBD /* LoginTests.xctest */ = {isa = PBXFileReference; explicitFileType = wrapper.cfbundle; includeInIndex = 0; path = LoginTests.xctest; sourceTree = BUILT_PRODUCTS_DIR; };
		235FE82818B9DE270021ECBD /* XCTest.framework */ = {isa = PBXFileReference; lastKnownFileType = wrapper.framework; name = XCTest.framework; path = Library/Frameworks/XCTest.framework; sourceTree = DEVELOPER_DIR; };
		235FE83018B9DE270021ECBD /* LoginTests-Info.plist */ = {isa = PBXFileReference; lastKnownFileType = text.plist.xml; path = "LoginTests-Info.plist"; sourceTree = "<group>"; };
		235FE83218B9DE270021ECBD /* en */ = {isa = PBXFileReference; lastKnownFileType = text.plist.strings; name = en; path = en.lproj/InfoPlist.strings; sourceTree = "<group>"; };
		235FE83418B9DE270021ECBD /* LoginTests.m */ = {isa = PBXFileReference; lastKnownFileType = sourcecode.c.objc; path = LoginTests.m; sourceTree = "<group>"; };
		881B6C751BEB945600A49C6C /* RSSModel.h */ = {isa = PBXFileReference; fileEncoding = 4; lastKnownFileType = sourcecode.c.h; path = RSSModel.h; sourceTree = "<group>"; };
		881B6C761BEB945600A49C6C /* RSSModel.m */ = {isa = PBXFileReference; fileEncoding = 4; lastKnownFileType = sourcecode.c.objc; path = RSSModel.m; sourceTree = "<group>"; };
		882C02D41C003FD40012C4AF /* CoreMotion.framework */ = {isa = PBXFileReference; lastKnownFileType = wrapper.framework; name = CoreMotion.framework; path = System/Library/Frameworks/CoreMotion.framework; sourceTree = SDKROOT; };
		882C02D61C003FDC0012C4AF /* AudioToolbox.framework */ = {isa = PBXFileReference; lastKnownFileType = wrapper.framework; name = AudioToolbox.framework; path = System/Library/Frameworks/AudioToolbox.framework; sourceTree = SDKROOT; };
		882C02D81C0040020012C4AF /* MediaPlayer.framework */ = {isa = PBXFileReference; lastKnownFileType = wrapper.framework; name = MediaPlayer.framework; path = System/Library/Frameworks/MediaPlayer.framework; sourceTree = SDKROOT; };
		882C02DA1C00400F0012C4AF /* MessageUI.framework */ = {isa = PBXFileReference; lastKnownFileType = wrapper.framework; name = MessageUI.framework; path = System/Library/Frameworks/MessageUI.framework; sourceTree = SDKROOT; };
		882C02DC1C00401A0012C4AF /* libz.dylib */ = {isa = PBXFileReference; lastKnownFileType = "compiled.mach-o.dylib"; name = libz.dylib; path = usr/lib/libz.dylib; sourceTree = SDKROOT; };
		882C02E21C0AE10F0012C4AF /* room445.jpg */ = {isa = PBXFileReference; lastKnownFileType = image.jpeg; name = room445.jpg; path = ../../../Downloads/room445.jpg; sourceTree = "<group>"; };
		8867F23F1BB95C5000F9CC1A /* TTObject.h */ = {isa = PBXFileReference; fileEncoding = 4; lastKnownFileType = sourcecode.c.h; name = TTObject.h; path = thirdparty/Map/TTObject.h; sourceTree = "<group>"; };
		8867F2401BB95C5000F9CC1A /* TTObject.m */ = {isa = PBXFileReference; fileEncoding = 4; lastKnownFileType = sourcecode.c.objc; name = TTObject.m; path = thirdparty/Map/TTObject.m; sourceTree = "<group>"; };
		886E04EC1BFB1F2C00C5222A /* test.txt */ = {isa = PBXFileReference; fileEncoding = 4; lastKnownFileType = text; path = test.txt; sourceTree = "<group>"; };
		8896DB6E1BB1851400C78966 /* registerViewController.h */ = {isa = PBXFileReference; fileEncoding = 4; lastKnownFileType = sourcecode.c.h; path = registerViewController.h; sourceTree = "<group>"; };
		8896DB6F1BB1852700C78966 /* registerViewController.m */ = {isa = PBXFileReference; fileEncoding = 4; lastKnownFileType = sourcecode.c.objc; path = registerViewController.m; sourceTree = "<group>"; };
		8896DB711BB19F7B00C78966 /* newKeyViewController.h */ = {isa = PBXFileReference; fileEncoding = 4; lastKnownFileType = sourcecode.c.h; path = newKeyViewController.h; sourceTree = "<group>"; };
		8896DB721BB19F7B00C78966 /* newKeyViewController.m */ = {isa = PBXFileReference; fileEncoding = 4; lastKnownFileType = sourcecode.c.objc; path = newKeyViewController.m; sourceTree = "<group>"; };
		8896DB741BB1B06C00C78966 /* infoViewController.h */ = {isa = PBXFileReference; fileEncoding = 4; lastKnownFileType = sourcecode.c.h; path = infoViewController.h; sourceTree = "<group>"; };
		8896DB751BB1B06C00C78966 /* infoViewController.m */ = {isa = PBXFileReference; fileEncoding = 4; lastKnownFileType = sourcecode.c.objc; path = infoViewController.m; sourceTree = "<group>"; };
		8896DB771BB4CDDF00C78966 /* HealthKit.framework */ = {isa = PBXFileReference; lastKnownFileType = wrapper.framework; name = HealthKit.framework; path = System/Library/Frameworks/HealthKit.framework; sourceTree = SDKROOT; };
		8896DB791BB4CDDF00C78966 /* Login.entitlements */ = {isa = PBXFileReference; lastKnownFileType = text.xml; path = Login.entitlements; sourceTree = "<group>"; };
		8896DB841BB92C7800C78966 /* Car.h */ = {isa = PBXFileReference; fileEncoding = 4; lastKnownFileType = sourcecode.c.h; name = Car.h; path = thirdparty/Map/Car.h; sourceTree = "<group>"; };
		8896DB851BB92C7800C78966 /* Car.m */ = {isa = PBXFileReference; fileEncoding = 4; lastKnownFileType = sourcecode.c.objc; name = Car.m; path = thirdparty/Map/Car.m; sourceTree = "<group>"; };
		8896DB861BB92C7800C78966 /* CarEditViewController.h */ = {isa = PBXFileReference; fileEncoding = 4; lastKnownFileType = sourcecode.c.h; name = CarEditViewController.h; path = thirdparty/Map/CarEditViewController.h; sourceTree = "<group>"; };
		8896DB871BB92C7800C78966 /* CarEditViewController.m */ = {isa = PBXFileReference; fileEncoding = 4; lastKnownFileType = sourcecode.c.objc; name = CarEditViewController.m; path = thirdparty/Map/CarEditViewController.m; sourceTree = "<group>"; };
		8896DB881BB92C7800C78966 /* CarEditViewControllerProtocol.h */ = {isa = PBXFileReference; fileEncoding = 4; lastKnownFileType = sourcecode.c.h; name = CarEditViewControllerProtocol.h; path = thirdparty/Map/CarEditViewControllerProtocol.h; sourceTree = "<group>"; };
		8896DB8E1BB92C9100C78966 /* friend.png */ = {isa = PBXFileReference; lastKnownFileType = image.png; name = friend.png; path = picture/friend.png; sourceTree = "<group>"; };
		8896DB8F1BB92C9100C78966 /* p2.jpg */ = {isa = PBXFileReference; lastKnownFileType = image.jpeg; name = p2.jpg; path = picture/p2.jpg; sourceTree = "<group>"; };
		8896DB901BB92C9100C78966 /* p3.jpg */ = {isa = PBXFileReference; lastKnownFileType = image.jpeg; name = p3.jpg; path = picture/p3.jpg; sourceTree = "<group>"; };
		8896DB911BB92C9100C78966 /* p4.jpg */ = {isa = PBXFileReference; lastKnownFileType = image.jpeg; name = p4.jpg; path = picture/p4.jpg; sourceTree = "<group>"; };
		8896DB921BB92C9100C78966 /* self.png */ = {isa = PBXFileReference; lastKnownFileType = image.png; name = self.png; path = picture/self.png; sourceTree = "<group>"; };
		8896DB9D1BB92EB500C78966 /* MapViewController.h */ = {isa = PBXFileReference; fileEncoding = 4; lastKnownFileType = sourcecode.c.h; path = MapViewController.h; sourceTree = "<group>"; };
		8896DB9E1BB92EB500C78966 /* MapViewController.m */ = {isa = PBXFileReference; fileEncoding = 4; lastKnownFileType = sourcecode.c.objc; path = MapViewController.m; sourceTree = "<group>"; };
		889BA0481BD9B83400AC5EAF /* aboutViewController.h */ = {isa = PBXFileReference; fileEncoding = 4; lastKnownFileType = sourcecode.c.h; path = aboutViewController.h; sourceTree = "<group>"; };
		889BA0491BD9B83400AC5EAF /* aboutViewController.m */ = {isa = PBXFileReference; fileEncoding = 4; lastKnownFileType = sourcecode.c.objc; path = aboutViewController.m; sourceTree = "<group>"; };
/* End PBXFileReference section */

/* Begin PBXFrameworksBuildPhase section */
		235FE80318B9DE270021ECBD /* Frameworks */ = {
			isa = PBXFrameworksBuildPhase;
			buildActionMask = 2147483647;
			files = (
				882C02DD1C00401A0012C4AF /* libz.dylib in Frameworks */,
				882C02DB1C00400F0012C4AF /* MessageUI.framework in Frameworks */,
				882C02D91C0040020012C4AF /* MediaPlayer.framework in Frameworks */,
				882C02D71C003FDC0012C4AF /* AudioToolbox.framework in Frameworks */,
				882C02D51C003FD40012C4AF /* CoreMotion.framework in Frameworks */,
				1121EA921BC5477500CC7249 /* CoreBluetooth.framework in Frameworks */,
				116E582F1B7BA1A700EAFED0 /* libsqlite3.dylib in Frameworks */,
				235FE80C18B9DE270021ECBD /* CoreGraphics.framework in Frameworks */,
				235FE80E18B9DE270021ECBD /* UIKit.framework in Frameworks */,
				235FE80A18B9DE270021ECBD /* Foundation.framework in Frameworks */,
			);
			runOnlyForDeploymentPostprocessing = 0;
		};
		235FE82418B9DE270021ECBD /* Frameworks */ = {
			isa = PBXFrameworksBuildPhase;
			buildActionMask = 2147483647;
			files = (
				235FE82918B9DE270021ECBD /* XCTest.framework in Frameworks */,
				235FE82B18B9DE270021ECBD /* UIKit.framework in Frameworks */,
				235FE82A18B9DE270021ECBD /* Foundation.framework in Frameworks */,
			);
			runOnlyForDeploymentPostprocessing = 0;
		};
/* End PBXFrameworksBuildPhase section */

/* Begin PBXGroup section */
		235FE7FD18B9DE270021ECBD = {
			isa = PBXGroup;
			children = (
				235FE80F18B9DE270021ECBD /* Login */,
				235FE82E18B9DE270021ECBD /* LoginTests */,
				235FE80818B9DE270021ECBD /* Frameworks */,
				235FE80718B9DE270021ECBD /* Products */,
			);
			sourceTree = "<group>";
		};
		235FE80718B9DE270021ECBD /* Products */ = {
			isa = PBXGroup;
			children = (
				235FE80618B9DE270021ECBD /* Login.app */,
				235FE82718B9DE270021ECBD /* LoginTests.xctest */,
			);
			name = Products;
			sourceTree = "<group>";
		};
		235FE80818B9DE270021ECBD /* Frameworks */ = {
			isa = PBXGroup;
			children = (
				882C02DC1C00401A0012C4AF /* libz.dylib */,
				882C02DA1C00400F0012C4AF /* MessageUI.framework */,
				882C02D81C0040020012C4AF /* MediaPlayer.framework */,
				882C02D61C003FDC0012C4AF /* AudioToolbox.framework */,
				882C02D41C003FD40012C4AF /* CoreMotion.framework */,
				1121EA911BC5477500CC7249 /* CoreBluetooth.framework */,
				8896DB771BB4CDDF00C78966 /* HealthKit.framework */,
				116E582E1B7BA1A700EAFED0 /* libsqlite3.dylib */,
				235FE80918B9DE270021ECBD /* Foundation.framework */,
				235FE80B18B9DE270021ECBD /* CoreGraphics.framework */,
				235FE80D18B9DE270021ECBD /* UIKit.framework */,
				235FE82818B9DE270021ECBD /* XCTest.framework */,
			);
			name = Frameworks;
			sourceTree = "<group>";
		};
		235FE80F18B9DE270021ECBD /* Login */ = {
			isa = PBXGroup;
			children = (
				8896DB791BB4CDDF00C78966 /* Login.entitlements */,
				235FE83E18B9E4060021ECBD /* ThirdParty */,
				235FE81818B9DE270021ECBD /* loginAppDelegate.h */,
				235FE81918B9DE270021ECBD /* loginAppDelegate.m */,
				11F37E061BAFF89500BC20A5 /* comWithDB.h */,
				11F37E071BAFF89500BC20A5 /* comWithDB.m */,
				881B6C751BEB945600A49C6C /* RSSModel.h */,
				881B6C761BEB945600A49C6C /* RSSModel.m */,
				11A76C6F1BC2B78B00572BDD /* Main.storyboard */,
				235FE81E18B9DE270021ECBD /* loginViewController.h */,
				235FE81F18B9DE270021ECBD /* loginViewController.m */,
				8896DB6E1BB1851400C78966 /* registerViewController.h */,
				8896DB6F1BB1852700C78966 /* registerViewController.m */,
				8896DB9D1BB92EB500C78966 /* MapViewController.h */,
				8896DB9E1BB92EB500C78966 /* MapViewController.m */,
				889BA0481BD9B83400AC5EAF /* aboutViewController.h */,
				889BA0491BD9B83400AC5EAF /* aboutViewController.m */,
				116179E51B835429007C53F6 /* ContactViewController.h */,
				116179E61B835429007C53F6 /* ContactViewController.m */,
				11BB66591BC2796400F868D5 /* AddFriendViewController.h */,
				11BB665A1BC2796400F868D5 /* AddFriendViewController.m */,
				8896DB721BB19F7B00C78966 /* newKeyViewController.m */,
				8896DB711BB19F7B00C78966 /* newKeyViewController.h */,
				8896DB741BB1B06C00C78966 /* infoViewController.h */,
				8896DB751BB1B06C00C78966 /* infoViewController.m */,
				235FE82118B9DE270021ECBD /* Images.xcassets */,
				235FE81018B9DE270021ECBD /* Supporting Files */,
			);
			path = Login;
			sourceTree = "<group>";
		};
		235FE81018B9DE270021ECBD /* Supporting Files */ = {
			isa = PBXGroup;
			children = (
				882C02E21C0AE10F0012C4AF /* room445.jpg */,
				8896DB8E1BB92C9100C78966 /* friend.png */,
				8896DB8F1BB92C9100C78966 /* p2.jpg */,
				8896DB901BB92C9100C78966 /* p3.jpg */,
				8896DB911BB92C9100C78966 /* p4.jpg */,
				8896DB921BB92C9100C78966 /* self.png */,
				11E395F91BACEE08009F2CD2 /* bg.png */,
				11E395FA1BACEE08009F2CD2 /* icon.png */,
				11E395FB1BACEE08009F2CD2 /* location_icon_end.png */,
				11E395FC1BACEE08009F2CD2 /* location_icon_purple.png */,
				11E395FD1BACEE08009F2CD2 /* location_icon_start.png */,
				11E395FE1BACEE08009F2CD2 /* location_icon_yellow.png */,
				11E395FF1BACEE08009F2CD2 /* login_btn_normal.png */,
				11E396001BACEE08009F2CD2 /* login_userimage.png */,
				11E396011BACEE08009F2CD2 /* menu_contacts_normal.png */,
				11E396021BACEE08009F2CD2 /* menu_contacts_selected.png */,
				11E396031BACEE08009F2CD2 /* menu_location_normal.png */,
				11E396041BACEE08009F2CD2 /* menu_location_selected.png */,
				11E396051BACEE08009F2CD2 /* menu_setting_normal.png */,
				11E396061BACEE08009F2CD2 /* menu_setting_selected.png */,
				11E395F71BACECF9009F2CD2 /* 123.png */,
				235FE81118B9DE270021ECBD /* Login-Info.plist */,
				235FE81218B9DE270021ECBD /* InfoPlist.strings */,
				235FE81518B9DE270021ECBD /* main.m */,
				235FE81718B9DE270021ECBD /* Login-Prefix.pch */,
				886E04EC1BFB1F2C00C5222A /* test.txt */,
			);
			name = "Supporting Files";
			sourceTree = "<group>";
		};
		235FE82E18B9DE270021ECBD /* LoginTests */ = {
			isa = PBXGroup;
			children = (
				235FE83418B9DE270021ECBD /* LoginTests.m */,
				235FE82F18B9DE270021ECBD /* Supporting Files */,
			);
			path = LoginTests;
			sourceTree = "<group>";
		};
		235FE82F18B9DE270021ECBD /* Supporting Files */ = {
			isa = PBXGroup;
			children = (
				0766BA081B67B8C40017ABB1 /* 2153995b4dc6a7c4de7f5ac94a706acc.jpg */,
				235FE83018B9DE270021ECBD /* LoginTests-Info.plist */,
				235FE83118B9DE270021ECBD /* InfoPlist.strings */,
			);
			name = "Supporting Files";
			sourceTree = "<group>";
		};
		235FE83E18B9E4060021ECBD /* ThirdParty */ = {
			isa = PBXGroup;
			children = (
				8867F23F1BB95C5000F9CC1A /* TTObject.h */,
				8867F2401BB95C5000F9CC1A /* TTObject.m */,
				11D71A871BB984DA001D7976 /* CustomIOSAlertView.h */,
				11D71A881BB984DA001D7976 /* CustomIOSAlertView.m */,
				8896DB841BB92C7800C78966 /* Car.h */,
				8896DB851BB92C7800C78966 /* Car.m */,
				8896DB861BB92C7800C78966 /* CarEditViewController.h */,
				8896DB871BB92C7800C78966 /* CarEditViewController.m */,
				8896DB881BB92C7800C78966 /* CarEditViewControllerProtocol.h */,
				116179CF1B83459B007C53F6 /* NTContact.h */,
				116179D01B83459B007C53F6 /* NTContact.m */,
				116179D11B83459B007C53F6 /* NTContactGroup.h */,
				116179D21B83459B007C53F6 /* NTContactGroup.m */,
				116179B21B833E65007C53F6 /* MBProgressHUD.h */,
				116179B31B833E65007C53F6 /* MBProgressHUD.m */,
				116179B41B833E65007C53F6 /* IQKeyboardManager.h */,
				116179B51B833E65007C53F6 /* IQKeyboardManager.m */,
			);
			name = ThirdParty;
			sourceTree = "<group>";
		};
/* End PBXGroup section */

/* Begin PBXNativeTarget section */
		235FE80518B9DE270021ECBD /* Login */ = {
			isa = PBXNativeTarget;
			buildConfigurationList = 235FE83818B9DE270021ECBD /* Build configuration list for PBXNativeTarget "Login" */;
			buildPhases = (
				235FE80218B9DE270021ECBD /* Sources */,
				235FE80318B9DE270021ECBD /* Frameworks */,
				235FE80418B9DE270021ECBD /* Resources */,
			);
			buildRules = (
			);
			dependencies = (
			);
			name = Login;
			productName = Login;
			productReference = 235FE80618B9DE270021ECBD /* Login.app */;
			productType = "com.apple.product-type.application";
		};
		235FE82618B9DE270021ECBD /* LoginTests */ = {
			isa = PBXNativeTarget;
			buildConfigurationList = 235FE83B18B9DE270021ECBD /* Build configuration list for PBXNativeTarget "LoginTests" */;
			buildPhases = (
				235FE82318B9DE270021ECBD /* Sources */,
				235FE82418B9DE270021ECBD /* Frameworks */,
				235FE82518B9DE270021ECBD /* Resources */,
			);
			buildRules = (
			);
			dependencies = (
				235FE82D18B9DE270021ECBD /* PBXTargetDependency */,
			);
			name = LoginTests;
			productName = LoginTests;
			productReference = 235FE82718B9DE270021ECBD /* LoginTests.xctest */;
			productType = "com.apple.product-type.bundle.unit-test";
		};
/* End PBXNativeTarget section */

/* Begin PBXProject section */
		235FE7FE18B9DE270021ECBD /* Project object */ = {
			isa = PBXProject;
			attributes = {
				CLASSPREFIX = login;
				LastUpgradeCheck = 0630;
				ORGANIZATIONNAME = "menuz's lab";
				TargetAttributes = {
					235FE80518B9DE270021ECBD = {
						DevelopmentTeam = Z62UF7D4D6;
						SystemCapabilities = {
							com.apple.HealthKit = {
								enabled = 1;
							};
						};
					};
					235FE82618B9DE270021ECBD = {
						TestTargetID = 235FE80518B9DE270021ECBD;
					};
				};
			};
			buildConfigurationList = 235FE80118B9DE270021ECBD /* Build configuration list for PBXProject "Login" */;
			compatibilityVersion = "Xcode 3.2";
			developmentRegion = English;
			hasScannedForEncodings = 0;
			knownRegions = (
				en,
				Base,
			);
			mainGroup = 235FE7FD18B9DE270021ECBD;
			productRefGroup = 235FE80718B9DE270021ECBD /* Products */;
			projectDirPath = "";
			projectRoot = "";
			targets = (
				235FE80518B9DE270021ECBD /* Login */,
				235FE82618B9DE270021ECBD /* LoginTests */,
			);
		};
/* End PBXProject section */

/* Begin PBXResourcesBuildPhase section */
		235FE80418B9DE270021ECBD /* Resources */ = {
			isa = PBXResourcesBuildPhase;
			buildActionMask = 2147483647;
			files = (
				11E396121BACEE08009F2CD2 /* menu_location_selected.png in Resources */,
				882C02E31C0AE10F0012C4AF /* room445.jpg in Resources */,
				11E396141BACEE08009F2CD2 /* menu_setting_selected.png in Resources */,
				11E3960E1BACEE08009F2CD2 /* login_userimage.png in Resources */,
				8896DB961BB92C9100C78966 /* p4.jpg in Resources */,
				11E3960F1BACEE08009F2CD2 /* menu_contacts_normal.png in Resources */,
				11E396131BACEE08009F2CD2 /* menu_setting_normal.png in Resources */,
				11E396101BACEE08009F2CD2 /* menu_contacts_selected.png in Resources */,
				11E396091BACEE08009F2CD2 /* location_icon_end.png in Resources */,
				235FE82218B9DE270021ECBD /* Images.xcassets in Resources */,
				235FE81418B9DE270021ECBD /* InfoPlist.strings in Resources */,
				11E395F81BACECF9009F2CD2 /* 123.png in Resources */,
				8896DB951BB92C9100C78966 /* p3.jpg in Resources */,
				11A76C711BC2B78B00572BDD /* Main.storyboard in Resources */,
				11E3960A1BACEE08009F2CD2 /* location_icon_purple.png in Resources */,
				11E396111BACEE08009F2CD2 /* menu_location_normal.png in Resources */,
				8896DB941BB92C9100C78966 /* p2.jpg in Resources */,
				11E396071BACEE08009F2CD2 /* bg.png in Resources */,
				8896DB971BB92C9100C78966 /* self.png in Resources */,
				11E3960B1BACEE08009F2CD2 /* location_icon_start.png in Resources */,
				11E396081BACEE08009F2CD2 /* icon.png in Resources */,
				8896DB931BB92C9100C78966 /* friend.png in Resources */,
				11E3960D1BACEE08009F2CD2 /* login_btn_normal.png in Resources */,
				886E04ED1BFB1F2C00C5222A /* test.txt in Resources */,
				11E3960C1BACEE08009F2CD2 /* location_icon_yellow.png in Resources */,
			);
			runOnlyForDeploymentPostprocessing = 0;
		};
		235FE82518B9DE270021ECBD /* Resources */ = {
			isa = PBXResourcesBuildPhase;
			buildActionMask = 2147483647;
			files = (
				0766BA091B67B8C40017ABB1 /* 2153995b4dc6a7c4de7f5ac94a706acc.jpg in Resources */,
				235FE83318B9DE270021ECBD /* InfoPlist.strings in Resources */,
			);
			runOnlyForDeploymentPostprocessing = 0;
		};
/* End PBXResourcesBuildPhase section */

/* Begin PBXSourcesBuildPhase section */
		235FE80218B9DE270021ECBD /* Sources */ = {
			isa = PBXSourcesBuildPhase;
			buildActionMask = 2147483647;
			files = (
				8867F2411BB95C5000F9CC1A /* TTObject.m in Sources */,
				116179BC1B833E65007C53F6 /* IQKeyboardManager.m in Sources */,
				235FE81A18B9DE270021ECBD /* loginAppDelegate.m in Sources */,
				8896DB761BB1B06C00C78966 /* infoViewController.m in Sources */,
				8896DB8B1BB92C7800C78966 /* Car.m in Sources */,
				8896DB701BB1852700C78966 /* registerViewController.m in Sources */,
				11BB665B1BC2796400F868D5 /* AddFriendViewController.m in Sources */,
				881B6C781BEB945600A49C6C /* RSSModel.m in Sources */,
				235FE82018B9DE270021ECBD /* loginViewController.m in Sources */,
				11D71A891BB984DA001D7976 /* CustomIOSAlertView.m in Sources */,
				116179BB1B833E65007C53F6 /* MBProgressHUD.m in Sources */,
				8896DB8C1BB92C7800C78966 /* CarEditViewController.m in Sources */,
				235FE81618B9DE270021ECBD /* main.m in Sources */,
				8896DB731BB19F7B00C78966 /* newKeyViewController.m in Sources */,
				116179E71B835429007C53F6 /* ContactViewController.m in Sources */,
				116179D91B83459B007C53F6 /* NTContactGroup.m in Sources */,
				116179D81B83459B007C53F6 /* NTContact.m in Sources */,
				11F37E081BAFF89500BC20A5 /* comWithDB.m in Sources */,
				889BA04A1BD9B83400AC5EAF /* aboutViewController.m in Sources */,
				8896DB9F1BB92EB500C78966 /* MapViewController.m in Sources */,
			);
			runOnlyForDeploymentPostprocessing = 0;
		};
		235FE82318B9DE270021ECBD /* Sources */ = {
			isa = PBXSourcesBuildPhase;
			buildActionMask = 2147483647;
			files = (
				235FE83518B9DE270021ECBD /* LoginTests.m in Sources */,
			);
			runOnlyForDeploymentPostprocessing = 0;
		};
/* End PBXSourcesBuildPhase section */

/* Begin PBXTargetDependency section */
		235FE82D18B9DE270021ECBD /* PBXTargetDependency */ = {
			isa = PBXTargetDependency;
			target = 235FE80518B9DE270021ECBD /* Login */;
			targetProxy = 235FE82C18B9DE270021ECBD /* PBXContainerItemProxy */;
		};
/* End PBXTargetDependency section */

/* Begin PBXVariantGroup section */
		11A76C6F1BC2B78B00572BDD /* Main.storyboard */ = {
			isa = PBXVariantGroup;
			children = (
				11A76C701BC2B78B00572BDD /* Base */,
			);
			name = Main.storyboard;
			sourceTree = "<group>";
		};
		235FE81218B9DE270021ECBD /* InfoPlist.strings */ = {
			isa = PBXVariantGroup;
			children = (
				235FE81318B9DE270021ECBD /* en */,
			);
			name = InfoPlist.strings;
			sourceTree = "<group>";
		};
		235FE83118B9DE270021ECBD /* InfoPlist.strings */ = {
			isa = PBXVariantGroup;
			children = (
				235FE83218B9DE270021ECBD /* en */,
			);
			name = InfoPlist.strings;
			sourceTree = "<group>";
		};
/* End PBXVariantGroup section */

/* Begin XCBuildConfiguration section */
		235FE83618B9DE270021ECBD /* Debug */ = {
			isa = XCBuildConfiguration;
			buildSettings = {
				ALWAYS_SEARCH_USER_PATHS = NO;
				CLANG_CXX_LANGUAGE_STANDARD = "gnu++0x";
				CLANG_CXX_LIBRARY = "libc++";
				CLANG_ENABLE_MODULES = YES;
				CLANG_ENABLE_OBJC_ARC = YES;
				CLANG_WARN_BOOL_CONVERSION = YES;
				CLANG_WARN_CONSTANT_CONVERSION = YES;
				CLANG_WARN_DIRECT_OBJC_ISA_USAGE = YES_ERROR;
				CLANG_WARN_EMPTY_BODY = YES;
				CLANG_WARN_ENUM_CONVERSION = YES;
				CLANG_WARN_INT_CONVERSION = YES;
				CLANG_WARN_OBJC_ROOT_CLASS = YES_ERROR;
				CLANG_WARN__DUPLICATE_METHOD_MATCH = YES;
				"CODE_SIGN_IDENTITY[sdk=iphoneos*]" = "iPhone Developer";
				COPY_PHASE_STRIP = NO;
				GCC_C_LANGUAGE_STANDARD = gnu99;
				GCC_DYNAMIC_NO_PIC = NO;
				GCC_OPTIMIZATION_LEVEL = 0;
				GCC_PREPROCESSOR_DEFINITIONS = (
					"DEBUG=1",
					"$(inherited)",
				);
				GCC_SYMBOLS_PRIVATE_EXTERN = NO;
				GCC_WARN_64_TO_32_BIT_CONVERSION = YES;
				GCC_WARN_ABOUT_RETURN_TYPE = YES_ERROR;
				GCC_WARN_UNDECLARED_SELECTOR = YES;
				GCC_WARN_UNINITIALIZED_AUTOS = YES;
				GCC_WARN_UNUSED_FUNCTION = YES;
				GCC_WARN_UNUSED_VARIABLE = YES;
				IPHONEOS_DEPLOYMENT_TARGET = 7.0;
				ONLY_ACTIVE_ARCH = YES;
				SDKROOT = iphoneos;
			};
			name = Debug;
		};
		235FE83718B9DE270021ECBD /* Release */ = {
			isa = XCBuildConfiguration;
			buildSettings = {
				ALWAYS_SEARCH_USER_PATHS = NO;
				CLANG_CXX_LANGUAGE_STANDARD = "gnu++0x";
				CLANG_CXX_LIBRARY = "libc++";
				CLANG_ENABLE_MODULES = YES;
				CLANG_ENABLE_OBJC_ARC = YES;
				CLANG_WARN_BOOL_CONVERSION = YES;
				CLANG_WARN_CONSTANT_CONVERSION = YES;
				CLANG_WARN_DIRECT_OBJC_ISA_USAGE = YES_ERROR;
				CLANG_WARN_EMPTY_BODY = YES;
				CLANG_WARN_ENUM_CONVERSION = YES;
				CLANG_WARN_INT_CONVERSION = YES;
				CLANG_WARN_OBJC_ROOT_CLASS = YES_ERROR;
				CLANG_WARN__DUPLICATE_METHOD_MATCH = YES;
				"CODE_SIGN_IDENTITY[sdk=iphoneos*]" = "iPhone Developer";
				COPY_PHASE_STRIP = YES;
				ENABLE_NS_ASSERTIONS = NO;
				GCC_C_LANGUAGE_STANDARD = gnu99;
				GCC_WARN_64_TO_32_BIT_CONVERSION = YES;
				GCC_WARN_ABOUT_RETURN_TYPE = YES_ERROR;
				GCC_WARN_UNDECLARED_SELECTOR = YES;
				GCC_WARN_UNINITIALIZED_AUTOS = YES;
				GCC_WARN_UNUSED_FUNCTION = YES;
				GCC_WARN_UNUSED_VARIABLE = YES;
				IPHONEOS_DEPLOYMENT_TARGET = 7.0;
				SDKROOT = iphoneos;
				VALIDATE_PRODUCT = YES;
			};
			name = Release;
		};
		235FE83918B9DE270021ECBD /* Debug */ = {
			isa = XCBuildConfiguration;
			buildSettings = {
				ASSETCATALOG_COMPILER_APPICON_NAME = AppIcon;
				ASSETCATALOG_COMPILER_LAUNCHIMAGE_NAME = LaunchImage;
				CLANG_ENABLE_OBJC_ARC = YES;
				CODE_SIGN_ENTITLEMENTS = Login/Login.entitlements;
				CODE_SIGN_IDENTITY = "iPhone Developer: Zhihao Wu (2Y5L2REW5F)";
				"CODE_SIGN_IDENTITY[sdk=iphoneos*]" = "iPhone Developer: Zhihao Wu (2Y5L2REW5F)";
				GCC_PRECOMPILE_PREFIX_HEADER = YES;
				GCC_PREFIX_HEADER = "Login/Login-Prefix.pch";
				HEADER_SEARCH_PATHS = (
					"$(inherited)",
					/Applications/Xcode.app/Contents/Developer/Toolchains/XcodeDefault.xctoolchain/usr/include,
					"\"$(SRCROOT)/Login/fmdb\"",
				);
				INFOPLIST_FILE = "Login/Login-Info.plist";
				IPHONEOS_DEPLOYMENT_TARGET = 8.4;
				OTHER_LDFLAGS = "-lc++";
				PRODUCT_NAME = "$(TARGET_NAME)";
				PROVISIONING_PROFILE = "5cda504a-5467-4c70-8cf2-eb443ab8ce7b";
				SDKROOT = iphoneos8.4;
				WRAPPER_EXTENSION = app;
			};
			name = Debug;
		};
		235FE83A18B9DE270021ECBD /* Release */ = {
			isa = XCBuildConfiguration;
			buildSettings = {
				ASSETCATALOG_COMPILER_APPICON_NAME = AppIcon;
				ASSETCATALOG_COMPILER_LAUNCHIMAGE_NAME = LaunchImage;
				CLANG_ENABLE_OBJC_ARC = YES;
				CODE_SIGN_ENTITLEMENTS = Login/Login.entitlements;
				CODE_SIGN_IDENTITY = "iPhone Developer: Zhihao Wu (2Y5L2REW5F)";
				"CODE_SIGN_IDENTITY[sdk=iphoneos*]" = "iPhone Developer: Zhihao Wu (2Y5L2REW5F)";
				GCC_PRECOMPILE_PREFIX_HEADER = YES;
				GCC_PREFIX_HEADER = "Login/Login-Prefix.pch";
				HEADER_SEARCH_PATHS = (
					"$(inherited)",
					/Applications/Xcode.app/Contents/Developer/Toolchains/XcodeDefault.xctoolchain/usr/include,
					"\"$(SRCROOT)/Login/fmdb\"",
				);
				INFOPLIST_FILE = "Login/Login-Info.plist";
				IPHONEOS_DEPLOYMENT_TARGET = 8.4;
				OTHER_LDFLAGS = "-lc++";
				PRODUCT_NAME = "$(TARGET_NAME)";
				PROVISIONING_PROFILE = "5cda504a-5467-4c70-8cf2-eb443ab8ce7b";
				SDKROOT = iphoneos8.4;
				WRAPPER_EXTENSION = app;
			};
			name = Release;
		};
		235FE83C18B9DE270021ECBD /* Debug */ = {
			isa = XCBuildConfiguration;
			buildSettings = {
				BUNDLE_LOADER = "$(BUILT_PRODUCTS_DIR)/Login.app/Login";
				FRAMEWORK_SEARCH_PATHS = (
					"$(SDKROOT)/Developer/Library/Frameworks",
					"$(inherited)",
					"$(DEVELOPER_FRAMEWORKS_DIR)",
				);
				GCC_PRECOMPILE_PREFIX_HEADER = YES;
				GCC_PREFIX_HEADER = "Login/Login-Prefix.pch";
				GCC_PREPROCESSOR_DEFINITIONS = (
					"DEBUG=1",
					"$(inherited)",
				);
				INFOPLIST_FILE = "LoginTests/LoginTests-Info.plist";
				PRODUCT_NAME = "$(TARGET_NAME)";
				TEST_HOST = "$(BUNDLE_LOADER)";
				WRAPPER_EXTENSION = xctest;
			};
			name = Debug;
		};
		235FE83D18B9DE270021ECBD /* Release */ = {
			isa = XCBuildConfiguration;
			buildSettings = {
				BUNDLE_LOADER = "$(BUILT_PRODUCTS_DIR)/Login.app/Login";
				FRAMEWORK_SEARCH_PATHS = (
					"$(SDKROOT)/Developer/Library/Frameworks",
					"$(inherited)",
					"$(DEVELOPER_FRAMEWORKS_DIR)",
				);
				GCC_PRECOMPILE_PREFIX_HEADER = YES;
				GCC_PREFIX_HEADER = "Login/Login-Prefix.pch";
				INFOPLIST_FILE = "LoginTests/LoginTests-Info.plist";
				PRODUCT_NAME = "$(TARGET_NAME)";
				TEST_HOST = "$(BUNDLE_LOADER)";
				WRAPPER_EXTENSION = xctest;
			};
			name = Release;
		};
/* End XCBuildConfiguration section */

/* Begin XCConfigurationList section */
		235FE80118B9DE270021ECBD /* Build configuration list for PBXProject "Login" */ = {
			isa = XCConfigurationList;
			buildConfigurations = (
				235FE83618B9DE270021ECBD /* Debug */,
				235FE83718B9DE270021ECBD /* Release */,
			);
			defaultConfigurationIsVisible = 0;
			defaultConfigurationName = Release;
		};
		235FE83818B9DE270021ECBD /* Build configuration list for PBXNativeTarget "Login" */ = {
			isa = XCConfigurationList;
			buildConfigurations = (
				235FE83918B9DE270021ECBD /* Debug */,
				235FE83A18B9DE270021ECBD /* Release */,
			);
			defaultConfigurationIsVisible = 0;
			defaultConfigurationName = Release;
		};
		235FE83B18B9DE270021ECBD /* Build configuration list for PBXNativeTarget "LoginTests" */ = {
			isa = XCConfigurationList;
			buildConfigurations = (
				235FE83C18B9DE270021ECBD /* Debug */,
				235FE83D18B9DE270021ECBD /* Release */,
			);
			defaultConfigurationIsVisible = 0;
			defaultConfigurationName = Release;
		};
/* End XCConfigurationList section */
	};
	rootObject = 235FE7FE18B9DE270021ECBD /* Project object */;
}
