// !$*UTF8*$!
{
	archiveVersion = 1;
	classes = {
	};
	objectVersion = 46;
	objects = {

/* Begin PBXBuildFile section */
		BC18DDCE19E67A4300C23990 /* Foundation.framework in Frameworks */ = {isa = PBXBuildFile; fileRef = BC18DDCD19E67A4300C23990 /* Foundation.framework */; };
		BC18DDD019E67A4300C23990 /* CoreGraphics.framework in Frameworks */ = {isa = PBXBuildFile; fileRef = BC18DDCF19E67A4300C23990 /* CoreGraphics.framework */; };
		BC18DDD219E67A4300C23990 /* UIKit.framework in Frameworks */ = {isa = PBXBuildFile; fileRef = BC18DDD119E67A4300C23990 /* UIKit.framework */; };
		BC18DDD819E67A4300C23990 /* InfoPlist.strings in Resources */ = {isa = PBXBuildFile; fileRef = BC18DDD619E67A4300C23990 /* InfoPlist.strings */; };
		BC18DDDE19E67A4300C23990 /* NTAppDelegate.m in Sources */ = {isa = PBXBuildFile; fileRef = BC18DDDD19E67A4300C23990 /* NTAppDelegate.m */; };
		BC18DDE119E67A4300C23990 /* Main.storyboard in Resources */ = {isa = PBXBuildFile; fileRef = BC18DDDF19E67A4300C23990 /* Main.storyboard */; };
		BC18DDE419E67A4300C23990 /* NTViewController.m in Sources */ = {isa = PBXBuildFile; fileRef = BC18DDE319E67A4300C23990 /* NTViewController.m */; };
		BC18DDE619E67A4300C23990 /* Images.xcassets in Resources */ = {isa = PBXBuildFile; fileRef = BC18DDE519E67A4300C23990 /* Images.xcassets */; };
		BC18DDED19E67A4300C23990 /* XCTest.framework in Frameworks */ = {isa = PBXBuildFile; fileRef = BC18DDEC19E67A4300C23990 /* XCTest.framework */; };
		BC18DDEE19E67A4300C23990 /* Foundation.framework in Frameworks */ = {isa = PBXBuildFile; fileRef = BC18DDCD19E67A4300C23990 /* Foundation.framework */; };
		BC18DDEF19E67A4300C23990 /* UIKit.framework in Frameworks */ = {isa = PBXBuildFile; fileRef = BC18DDD119E67A4300C23990 /* UIKit.framework */; };
		BC18DDF719E67A4300C23990 /* InfoPlist.strings in Resources */ = {isa = PBXBuildFile; fileRef = BC18DDF519E67A4300C23990 /* InfoPlist.strings */; };
		BC18DDF919E67A4300C23990 /* TableViewTests.m in Sources */ = {isa = PBXBuildFile; fileRef = BC18DDF819E67A4300C23990 /* TableViewTests.m */; };
		BC18DE0419E67B9E00C23990 /* NTContact.m in Sources */ = {isa = PBXBuildFile; fileRef = BC18DE0319E67B9E00C23990 /* NTContact.m */; };
		BC18DE0719E67EB700C23990 /* NTContactGroup.m in Sources */ = {isa = PBXBuildFile; fileRef = BC18DE0619E67EB700C23990 /* NTContactGroup.m */; };
		BC18DE0819E6955300C23990 /* main.m in Sources */ = {isa = PBXBuildFile; fileRef = BC18DDD919E67A4300C23990 /* main.m */; };
		BC51008819E7E2FF001A99E1 /* NTTableViewController.m in Sources */ = {isa = PBXBuildFile; fileRef = BC51008719E7E2FF001A99E1 /* NTTableViewController.m */; };
/* End PBXBuildFile section */

/* Begin PBXContainerItemProxy section */
		BC18DDF019E67A4300C23990 /* PBXContainerItemProxy */ = {
			isa = PBXContainerItemProxy;
			containerPortal = BC18DDC219E67A4300C23990 /* Project object */;
			proxyType = 1;
			remoteGlobalIDString = BC18DDC919E67A4300C23990;
			remoteInfo = TableView;
		};
/* End PBXContainerItemProxy section */

/* Begin PBXFileReference section */
		BC18DDCA19E67A4300C23990 /* TableView.app */ = {isa = PBXFileReference; explicitFileType = wrapper.application; includeInIndex = 0; path = TableView.app; sourceTree = BUILT_PRODUCTS_DIR; };
		BC18DDCD19E67A4300C23990 /* Foundation.framework */ = {isa = PBXFileReference; lastKnownFileType = wrapper.framework; name = Foundation.framework; path = System/Library/Frameworks/Foundation.framework; sourceTree = SDKROOT; };
		BC18DDCF19E67A4300C23990 /* CoreGraphics.framework */ = {isa = PBXFileReference; lastKnownFileType = wrapper.framework; name = CoreGraphics.framework; path = System/Library/Frameworks/CoreGraphics.framework; sourceTree = SDKROOT; };
		BC18DDD119E67A4300C23990 /* UIKit.framework */ = {isa = PBXFileReference; lastKnownFileType = wrapper.framework; name = UIKit.framework; path = System/Library/Frameworks/UIKit.framework; sourceTree = SDKROOT; };
		BC18DDD519E67A4300C23990 /* TableView-Info.plist */ = {isa = PBXFileReference; lastKnownFileType = text.plist.xml; path = "TableView-Info.plist"; sourceTree = "<group>"; };
		BC18DDD719E67A4300C23990 /* en */ = {isa = PBXFileReference; lastKnownFileType = text.plist.strings; name = en; path = en.lproj/InfoPlist.strings; sourceTree = "<group>"; };
		BC18DDD919E67A4300C23990 /* main.m */ = {isa = PBXFileReference; lastKnownFileType = sourcecode.c.objc; path = main.m; sourceTree = "<group>"; };
		BC18DDDB19E67A4300C23990 /* TableView-Prefix.pch */ = {isa = PBXFileReference; lastKnownFileType = sourcecode.c.h; path = "TableView-Prefix.pch"; sourceTree = "<group>"; };
		BC18DDDC19E67A4300C23990 /* NTAppDelegate.h */ = {isa = PBXFileReference; lastKnownFileType = sourcecode.c.h; path = NTAppDelegate.h; sourceTree = "<group>"; };
		BC18DDDD19E67A4300C23990 /* NTAppDelegate.m */ = {isa = PBXFileReference; lastKnownFileType = sourcecode.c.objc; path = NTAppDelegate.m; sourceTree = "<group>"; };
		BC18DDE019E67A4300C23990 /* Base */ = {isa = PBXFileReference; lastKnownFileType = file.storyboard; name = Base; path = Base.lproj/Main.storyboard; sourceTree = "<group>"; };
		BC18DDE219E67A4300C23990 /* NTViewController.h */ = {isa = PBXFileReference; lastKnownFileType = sourcecode.c.h; path = NTViewController.h; sourceTree = "<group>"; };
		BC18DDE319E67A4300C23990 /* NTViewController.m */ = {isa = PBXFileReference; lastKnownFileType = sourcecode.c.objc; path = NTViewController.m; sourceTree = "<group>"; };
		BC18DDE519E67A4300C23990 /* Images.xcassets */ = {isa = PBXFileReference; lastKnownFileType = folder.assetcatalog; path = Images.xcassets; sourceTree = "<group>"; };
		BC18DDEB19E67A4300C23990 /* TableViewTests.xctest */ = {isa = PBXFileReference; explicitFileType = wrapper.cfbundle; includeInIndex = 0; path = TableViewTests.xctest; sourceTree = BUILT_PRODUCTS_DIR; };
		BC18DDEC19E67A4300C23990 /* XCTest.framework */ = {isa = PBXFileReference; lastKnownFileType = wrapper.framework; name = XCTest.framework; path = Library/Frameworks/XCTest.framework; sourceTree = DEVELOPER_DIR; };
		BC18DDF419E67A4300C23990 /* TableViewTests-Info.plist */ = {isa = PBXFileReference; lastKnownFileType = text.plist.xml; path = "TableViewTests-Info.plist"; sourceTree = "<group>"; };
		BC18DDF619E67A4300C23990 /* en */ = {isa = PBXFileReference; lastKnownFileType = text.plist.strings; name = en; path = en.lproj/InfoPlist.strings; sourceTree = "<group>"; };
		BC18DDF819E67A4300C23990 /* TableViewTests.m */ = {isa = PBXFileReference; lastKnownFileType = sourcecode.c.objc; path = TableViewTests.m; sourceTree = "<group>"; };
		BC18DE0219E67B9E00C23990 /* NTContact.h */ = {isa = PBXFileReference; fileEncoding = 4; lastKnownFileType = sourcecode.c.h; path = NTContact.h; sourceTree = "<group>"; };
		BC18DE0319E67B9E00C23990 /* NTContact.m */ = {isa = PBXFileReference; fileEncoding = 4; lastKnownFileType = sourcecode.c.objc; path = NTContact.m; sourceTree = "<group>"; };
		BC18DE0519E67EB700C23990 /* NTContactGroup.h */ = {isa = PBXFileReference; fileEncoding = 4; lastKnownFileType = sourcecode.c.h; path = NTContactGroup.h; sourceTree = "<group>"; };
		BC18DE0619E67EB700C23990 /* NTContactGroup.m */ = {isa = PBXFileReference; fileEncoding = 4; lastKnownFileType = sourcecode.c.objc; path = NTContactGroup.m; sourceTree = "<group>"; };
		BC51008619E7E2FF001A99E1 /* NTTableViewController.h */ = {isa = PBXFileReference; fileEncoding = 4; lastKnownFileType = sourcecode.c.h; path = NTTableViewController.h; sourceTree = "<group>"; };
		BC51008719E7E2FF001A99E1 /* NTTableViewController.m */ = {isa = PBXFileReference; fileEncoding = 4; lastKnownFileType = sourcecode.c.objc; path = NTTableViewController.m; sourceTree = "<group>"; };
/* End PBXFileReference section */

/* Begin PBXFrameworksBuildPhase section */
		BC18DDC719E67A4300C23990 /* Frameworks */ = {
			isa = PBXFrameworksBuildPhase;
			buildActionMask = 2147483647;
			files = (
				BC18DDD019E67A4300C23990 /* CoreGraphics.framework in Frameworks */,
				BC18DDD219E67A4300C23990 /* UIKit.framework in Frameworks */,
				BC18DDCE19E67A4300C23990 /* Foundation.framework in Frameworks */,
			);
			runOnlyForDeploymentPostprocessing = 0;
		};
		BC18DDE819E67A4300C23990 /* Frameworks */ = {
			isa = PBXFrameworksBuildPhase;
			buildActionMask = 2147483647;
			files = (
				BC18DDED19E67A4300C23990 /* XCTest.framework in Frameworks */,
				BC18DDEF19E67A4300C23990 /* UIKit.framework in Frameworks */,
				BC18DDEE19E67A4300C23990 /* Foundation.framework in Frameworks */,
			);
			runOnlyForDeploymentPostprocessing = 0;
		};
/* End PBXFrameworksBuildPhase section */

/* Begin PBXGroup section */
		BC18DDC119E67A4300C23990 = {
			isa = PBXGroup;
			children = (
				BC18DDD319E67A4300C23990 /* TableView */,
				BC18DDF219E67A4300C23990 /* TableViewTests */,
				BC18DDCC19E67A4300C23990 /* Frameworks */,
				BC18DDCB19E67A4300C23990 /* Products */,
			);
			sourceTree = "<group>";
		};
		BC18DDCB19E67A4300C23990 /* Products */ = {
			isa = PBXGroup;
			children = (
				BC18DDCA19E67A4300C23990 /* TableView.app */,
				BC18DDEB19E67A4300C23990 /* TableViewTests.xctest */,
			);
			name = Products;
			sourceTree = "<group>";
		};
		BC18DDCC19E67A4300C23990 /* Frameworks */ = {
			isa = PBXGroup;
			children = (
				BC18DDCD19E67A4300C23990 /* Foundation.framework */,
				BC18DDCF19E67A4300C23990 /* CoreGraphics.framework */,
				BC18DDD119E67A4300C23990 /* UIKit.framework */,
				BC18DDEC19E67A4300C23990 /* XCTest.framework */,
			);
			name = Frameworks;
			sourceTree = "<group>";
		};
		BC18DDD319E67A4300C23990 /* TableView */ = {
			isa = PBXGroup;
			children = (
				BC18DDDC19E67A4300C23990 /* NTAppDelegate.h */,
				BC18DDDD19E67A4300C23990 /* NTAppDelegate.m */,
				BC18DDDF19E67A4300C23990 /* Main.storyboard */,
				BC18DDE219E67A4300C23990 /* NTViewController.h */,
				BC18DDE319E67A4300C23990 /* NTViewController.m */,
				BC51008619E7E2FF001A99E1 /* NTTableViewController.h */,
				BC51008719E7E2FF001A99E1 /* NTTableViewController.m */,
				BC18DE0219E67B9E00C23990 /* NTContact.h */,
				BC18DE0319E67B9E00C23990 /* NTContact.m */,
				BC18DE0519E67EB700C23990 /* NTContactGroup.h */,
				BC18DE0619E67EB700C23990 /* NTContactGroup.m */,
				BC18DDE519E67A4300C23990 /* Images.xcassets */,
				BC18DDD419E67A4300C23990 /* Supporting Files */,
			);
			path = TableView;
			sourceTree = "<group>";
		};
		BC18DDD419E67A4300C23990 /* Supporting Files */ = {
			isa = PBXGroup;
			children = (
				BC18DDD519E67A4300C23990 /* TableView-Info.plist */,
				BC18DDD619E67A4300C23990 /* InfoPlist.strings */,
				BC18DDD919E67A4300C23990 /* main.m */,
				BC18DDDB19E67A4300C23990 /* TableView-Prefix.pch */,
			);
			name = "Supporting Files";
			sourceTree = "<group>";
		};
		BC18DDF219E67A4300C23990 /* TableViewTests */ = {
			isa = PBXGroup;
			children = (
				BC18DDF819E67A4300C23990 /* TableViewTests.m */,
				BC18DDF319E67A4300C23990 /* Supporting Files */,
			);
			path = TableViewTests;
			sourceTree = "<group>";
		};
		BC18DDF319E67A4300C23990 /* Supporting Files */ = {
			isa = PBXGroup;
			children = (
				BC18DDF419E67A4300C23990 /* TableViewTests-Info.plist */,
				BC18DDF519E67A4300C23990 /* InfoPlist.strings */,
			);
			name = "Supporting Files";
			sourceTree = "<group>";
		};
/* End PBXGroup section */

/* Begin PBXNativeTarget section */
		BC18DDC919E67A4300C23990 /* TableView */ = {
			isa = PBXNativeTarget;
			buildConfigurationList = BC18DDFC19E67A4300C23990 /* Build configuration list for PBXNativeTarget "TableView" */;
			buildPhases = (
				BC18DDC619E67A4300C23990 /* Sources */,
				BC18DDC719E67A4300C23990 /* Frameworks */,
				BC18DDC819E67A4300C23990 /* Resources */,
			);
			buildRules = (
			);
			dependencies = (
			);
			name = TableView;
			productName = TableView;
			productReference = BC18DDCA19E67A4300C23990 /* TableView.app */;
			productType = "com.apple.product-type.application";
		};
		BC18DDEA19E67A4300C23990 /* TableViewTests */ = {
			isa = PBXNativeTarget;
			buildConfigurationList = BC18DDFF19E67A4300C23990 /* Build configuration list for PBXNativeTarget "TableViewTests" */;
			buildPhases = (
				BC18DDE719E67A4300C23990 /* Sources */,
				BC18DDE819E67A4300C23990 /* Frameworks */,
				BC18DDE919E67A4300C23990 /* Resources */,
			);
			buildRules = (
			);
			dependencies = (
				BC18DDF119E67A4300C23990 /* PBXTargetDependency */,
			);
			name = TableViewTests;
			productName = TableViewTests;
			productReference = BC18DDEB19E67A4300C23990 /* TableViewTests.xctest */;
			productType = "com.apple.product-type.bundle.unit-test";
		};
/* End PBXNativeTarget section */

/* Begin PBXProject section */
		BC18DDC219E67A4300C23990 /* Project object */ = {
			isa = PBXProject;
			attributes = {
				CLASSPREFIX = NT;
				LastUpgradeCheck = 0510;
				ORGANIZATIONNAME = NT;
				TargetAttributes = {
					BC18DDEA19E67A4300C23990 = {
						TestTargetID = BC18DDC919E67A4300C23990;
					};
				};
			};
			buildConfigurationList = BC18DDC519E67A4300C23990 /* Build configuration list for PBXProject "TableView" */;
			compatibilityVersion = "Xcode 3.2";
			developmentRegion = English;
			hasScannedForEncodings = 0;
			knownRegions = (
				en,
				Base,
			);
			mainGroup = BC18DDC119E67A4300C23990;
			productRefGroup = BC18DDCB19E67A4300C23990 /* Products */;
			projectDirPath = "";
			projectRoot = "";
			targets = (
				BC18DDC919E67A4300C23990 /* TableView */,
				BC18DDEA19E67A4300C23990 /* TableViewTests */,
			);
		};
/* End PBXProject section */

/* Begin PBXResourcesBuildPhase section */
		BC18DDC819E67A4300C23990 /* Resources */ = {
			isa = PBXResourcesBuildPhase;
			buildActionMask = 2147483647;
			files = (
				BC18DDE619E67A4300C23990 /* Images.xcassets in Resources */,
				BC18DDD819E67A4300C23990 /* InfoPlist.strings in Resources */,
				BC18DDE119E67A4300C23990 /* Main.storyboard in Resources */,
			);
			runOnlyForDeploymentPostprocessing = 0;
		};
		BC18DDE919E67A4300C23990 /* Resources */ = {
			isa = PBXResourcesBuildPhase;
			buildActionMask = 2147483647;
			files = (
				BC18DDF719E67A4300C23990 /* InfoPlist.strings in Resources */,
			);
			runOnlyForDeploymentPostprocessing = 0;
		};
/* End PBXResourcesBuildPhase section */

/* Begin PBXSourcesBuildPhase section */
		BC18DDC619E67A4300C23990 /* Sources */ = {
			isa = PBXSourcesBuildPhase;
			buildActionMask = 2147483647;
			files = (
				BC18DE0819E6955300C23990 /* main.m in Sources */,
				BC18DE0419E67B9E00C23990 /* NTContact.m in Sources */,
				BC18DDE419E67A4300C23990 /* NTViewController.m in Sources */,
				BC18DDDE19E67A4300C23990 /* NTAppDelegate.m in Sources */,
				BC18DE0719E67EB700C23990 /* NTContactGroup.m in Sources */,
				BC51008819E7E2FF001A99E1 /* NTTableViewController.m in Sources */,
			);
			runOnlyForDeploymentPostprocessing = 0;
		};
		BC18DDE719E67A4300C23990 /* Sources */ = {
			isa = PBXSourcesBuildPhase;
			buildActionMask = 2147483647;
			files = (
				BC18DDF919E67A4300C23990 /* TableViewTests.m in Sources */,
			);
			runOnlyForDeploymentPostprocessing = 0;
		};
/* End PBXSourcesBuildPhase section */

/* Begin PBXTargetDependency section */
		BC18DDF119E67A4300C23990 /* PBXTargetDependency */ = {
			isa = PBXTargetDependency;
			target = BC18DDC919E67A4300C23990 /* TableView */;
			targetProxy = BC18DDF019E67A4300C23990 /* PBXContainerItemProxy */;
		};
/* End PBXTargetDependency section */

/* Begin PBXVariantGroup section */
		BC18DDD619E67A4300C23990 /* InfoPlist.strings */ = {
			isa = PBXVariantGroup;
			children = (
				BC18DDD719E67A4300C23990 /* en */,
			);
			name = InfoPlist.strings;
			sourceTree = "<group>";
		};
		BC18DDDF19E67A4300C23990 /* Main.storyboard */ = {
			isa = PBXVariantGroup;
			children = (
				BC18DDE019E67A4300C23990 /* Base */,
			);
			name = Main.storyboard;
			sourceTree = "<group>";
		};
		BC18DDF519E67A4300C23990 /* InfoPlist.strings */ = {
			isa = PBXVariantGroup;
			children = (
				BC18DDF619E67A4300C23990 /* en */,
			);
			name = InfoPlist.strings;
			sourceTree = "<group>";
		};
/* End PBXVariantGroup section */

/* Begin XCBuildConfiguration section */
		BC18DDFA19E67A4300C23990 /* Debug */ = {
			isa = XCBuildConfiguration;
			buildSettings = {
				ALWAYS_SEARCH_USER_PATHS = NO;
				CLANG_CXX_LANGUAGE_STANDARD = "gnu++0x";
				CLANG_CXX_LIBRARY = "libc++";
				CLANG_ENABLE_MODULES = YES;
				CLANG_ENABLE_OBJC_ARC = YES;
				CLANG_WARN_BOOL_CONVERSION = YES;
				CLANG_WARN_CONSTANT_CONVERSION = YES;
				CLANG_WARN_DIRECT_OBJC_ISA_USAGE = YES_ERROR;
				CLANG_WARN_EMPTY_BODY = YES;
				CLANG_WARN_ENUM_CONVERSION = YES;
				CLANG_WARN_INT_CONVERSION = YES;
				CLANG_WARN_OBJC_ROOT_CLASS = YES_ERROR;
				CLANG_WARN__DUPLICATE_METHOD_MATCH = YES;
				"CODE_SIGN_IDENTITY[sdk=iphoneos*]" = "iPhone Developer";
				COPY_PHASE_STRIP = NO;
				GCC_C_LANGUAGE_STANDARD = gnu99;
				GCC_DYNAMIC_NO_PIC = NO;
				GCC_OPTIMIZATION_LEVEL = 0;
				GCC_PREPROCESSOR_DEFINITIONS = (
					"DEBUG=1",
					"$(inherited)",
				);
				GCC_SYMBOLS_PRIVATE_EXTERN = NO;
				GCC_WARN_64_TO_32_BIT_CONVERSION = YES;
				GCC_WARN_ABOUT_RETURN_TYPE = YES_ERROR;
				GCC_WARN_UNDECLARED_SELECTOR = YES;
				GCC_WARN_UNINITIALIZED_AUTOS = YES_AGGRESSIVE;
				GCC_WARN_UNUSED_FUNCTION = YES;
				GCC_WARN_UNUSED_VARIABLE = YES;
				IPHONEOS_DEPLOYMENT_TARGET = 7.1;
				ONLY_ACTIVE_ARCH = YES;
				SDKROOT = iphoneos;
			};
			name = Debug;
		};
		BC18DDFB19E67A4300C23990 /* Release */ = {
			isa = XCBuildConfiguration;
			buildSettings = {
				ALWAYS_SEARCH_USER_PATHS = NO;
				CLANG_CXX_LANGUAGE_STANDARD = "gnu++0x";
				CLANG_CXX_LIBRARY = "libc++";
				CLANG_ENABLE_MODULES = YES;
				CLANG_ENABLE_OBJC_ARC = YES;
				CLANG_WARN_BOOL_CONVERSION = YES;
				CLANG_WARN_CONSTANT_CONVERSION = YES;
				CLANG_WARN_DIRECT_OBJC_ISA_USAGE = YES_ERROR;
				CLANG_WARN_EMPTY_BODY = YES;
				CLANG_WARN_ENUM_CONVERSION = YES;
				CLANG_WARN_INT_CONVERSION = YES;
				CLANG_WARN_OBJC_ROOT_CLASS = YES_ERROR;
				CLANG_WARN__DUPLICATE_METHOD_MATCH = YES;
				"CODE_SIGN_IDENTITY[sdk=iphoneos*]" = "iPhone Developer";
				COPY_PHASE_STRIP = YES;
				ENABLE_NS_ASSERTIONS = NO;
				GCC_C_LANGUAGE_STANDARD = gnu99;
				GCC_WARN_64_TO_32_BIT_CONVERSION = YES;
				GCC_WARN_ABOUT_RETURN_TYPE = YES_ERROR;
				GCC_WARN_UNDECLARED_SELECTOR = YES;
				GCC_WARN_UNINITIALIZED_AUTOS = YES_AGGRESSIVE;
				GCC_WARN_UNUSED_FUNCTION = YES;
				GCC_WARN_UNUSED_VARIABLE = YES;
				IPHONEOS_DEPLOYMENT_TARGET = 7.1;
				SDKROOT = iphoneos;
				VALIDATE_PRODUCT = YES;
			};
			name = Release;
		};
		BC18DDFD19E67A4300C23990 /* Debug */ = {
			isa = XCBuildConfiguration;
			buildSettings = {
				ASSETCATALOG_COMPILER_APPICON_NAME = AppIcon;
				ASSETCATALOG_COMPILER_LAUNCHIMAGE_NAME = LaunchImage;
				GCC_PRECOMPILE_PREFIX_HEADER = YES;
				GCC_PREFIX_HEADER = "TableView/TableView-Prefix.pch";
				INFOPLIST_FILE = "TableView/TableView-Info.plist";
				PRODUCT_NAME = "$(TARGET_NAME)";
				WRAPPER_EXTENSION = app;
			};
			name = Debug;
		};
		BC18DDFE19E67A4300C23990 /* Release */ = {
			isa = XCBuildConfiguration;
			buildSettings = {
				ASSETCATALOG_COMPILER_APPICON_NAME = AppIcon;
				ASSETCATALOG_COMPILER_LAUNCHIMAGE_NAME = LaunchImage;
				GCC_PRECOMPILE_PREFIX_HEADER = YES;
				GCC_PREFIX_HEADER = "TableView/TableView-Prefix.pch";
				INFOPLIST_FILE = "TableView/TableView-Info.plist";
				PRODUCT_NAME = "$(TARGET_NAME)";
				WRAPPER_EXTENSION = app;
			};
			name = Release;
		};
		BC18DE0019E67A4300C23990 /* Debug */ = {
			isa = XCBuildConfiguration;
			buildSettings = {
				BUNDLE_LOADER = "$(BUILT_PRODUCTS_DIR)/TableView.app/TableView";
				FRAMEWORK_SEARCH_PATHS = (
					"$(SDKROOT)/Developer/Library/Frameworks",
					"$(inherited)",
					"$(DEVELOPER_FRAMEWORKS_DIR)",
				);
				GCC_PRECOMPILE_PREFIX_HEADER = YES;
				GCC_PREFIX_HEADER = "TableView/TableView-Prefix.pch";
				GCC_PREPROCESSOR_DEFINITIONS = (
					"DEBUG=1",
					"$(inherited)",
				);
				INFOPLIST_FILE = "TableViewTests/TableViewTests-Info.plist";
				PRODUCT_NAME = "$(TARGET_NAME)";
				TEST_HOST = "$(BUNDLE_LOADER)";
				WRAPPER_EXTENSION = xctest;
			};
			name = Debug;
		};
		BC18DE0119E67A4300C23990 /* Release */ = {
			isa = XCBuildConfiguration;
			buildSettings = {
				BUNDLE_LOADER = "$(BUILT_PRODUCTS_DIR)/TableView.app/TableView";
				FRAMEWORK_SEARCH_PATHS = (
					"$(SDKROOT)/Developer/Library/Frameworks",
					"$(inherited)",
					"$(DEVELOPER_FRAMEWORKS_DIR)",
				);
				GCC_PRECOMPILE_PREFIX_HEADER = YES;
				GCC_PREFIX_HEADER = "TableView/TableView-Prefix.pch";
				INFOPLIST_FILE = "TableViewTests/TableViewTests-Info.plist";
				PRODUCT_NAME = "$(TARGET_NAME)";
				TEST_HOST = "$(BUNDLE_LOADER)";
				WRAPPER_EXTENSION = xctest;
			};
			name = Release;
		};
/* End XCBuildConfiguration section */

/* Begin XCConfigurationList section */
		BC18DDC519E67A4300C23990 /* Build configuration list for PBXProject "TableView" */ = {
			isa = XCConfigurationList;
			buildConfigurations = (
				BC18DDFA19E67A4300C23990 /* Debug */,
				BC18DDFB19E67A4300C23990 /* Release */,
			);
			defaultConfigurationIsVisible = 0;
			defaultConfigurationName = Release;
		};
		BC18DDFC19E67A4300C23990 /* Build configuration list for PBXNativeTarget "TableView" */ = {
			isa = XCConfigurationList;
			buildConfigurations = (
				BC18DDFD19E67A4300C23990 /* Debug */,
				BC18DDFE19E67A4300C23990 /* Release */,
			);
			defaultConfigurationIsVisible = 0;
			defaultConfigurationName = Release;
		};
		BC18DDFF19E67A4300C23990 /* Build configuration list for PBXNativeTarget "TableViewTests" */ = {
			isa = XCConfigurationList;
			buildConfigurations = (
				BC18DE0019E67A4300C23990 /* Debug */,
				BC18DE0119E67A4300C23990 /* Release */,
			);
			defaultConfigurationIsVisible = 0;
			defaultConfigurationName = Release;
		};
/* End XCConfigurationList section */
	};
	rootObject = BC18DDC219E67A4300C23990 /* Project object */;
}
