// !$*UTF8*$!
{
	archiveVersion = 1;
	classes = {
	};
	objectVersion = 45;
	objects = {

/* Begin PBXBuildFile section */
		1156A0E41B7E4725000AAD5C /* callout_anchor.png in Resources */ = {isa = PBXBuildFile; fileRef = 1156A0BF1B7E4725000AAD5C /* callout_anchor.png */; };
		1156A0E51B7E4725000AAD5C /* callout_anchor@2x.png in Resources */ = {isa = PBXBuildFile; fileRef = 1156A0C01B7E4725000AAD5C /* callout_anchor@2x.png */; };
		1156A0E61B7E4725000AAD5C /* callout_bg.png in Resources */ = {isa = PBXBuildFile; fileRef = 1156A0C11B7E4725000AAD5C /* callout_bg.png */; };
		1156A0E71B7E4725000AAD5C /* callout_bg@2x.png in Resources */ = {isa = PBXBuildFile; fileRef = 1156A0C21B7E4725000AAD5C /* callout_bg@2x.png */; };
		1156A0E81B7E4725000AAD5C /* callout_left.png in Resources */ = {isa = PBXBuildFile; fileRef = 1156A0C31B7E4725000AAD5C /* callout_left.png */; };
		1156A0E91B7E4725000AAD5C /* callout_left@2x.png in Resources */ = {isa = PBXBuildFile; fileRef = 1156A0C41B7E4725000AAD5C /* callout_left@2x.png */; };
		1156A0EA1B7E4725000AAD5C /* callout_right.png in Resources */ = {isa = PBXBuildFile; fileRef = 1156A0C51B7E4725000AAD5C /* callout_right.png */; };
		1156A0EB1B7E4725000AAD5C /* callout_right@2x.png in Resources */ = {isa = PBXBuildFile; fileRef = 1156A0C61B7E4725000AAD5C /* callout_right@2x.png */; };
		1156A0EC1B7E4725000AAD5C /* NAAnnotation.m in Sources */ = {isa = PBXBuildFile; fileRef = 1156A0C81B7E4725000AAD5C /* NAAnnotation.m */; };
		1156A0ED1B7E4725000AAD5C /* NADotAnnotation.m in Sources */ = {isa = PBXBuildFile; fileRef = 1156A0CA1B7E4725000AAD5C /* NADotAnnotation.m */; };
		1156A0EE1B7E4725000AAD5C /* NAMapView.m in Sources */ = {isa = PBXBuildFile; fileRef = 1156A0CC1B7E4725000AAD5C /* NAMapView.m */; };
		1156A0EF1B7E4725000AAD5C /* NAPinAnnotation.m in Sources */ = {isa = PBXBuildFile; fileRef = 1156A0CF1B7E4725000AAD5C /* NAPinAnnotation.m */; };
		1156A0F01B7E4725000AAD5C /* NAPinAnnotationCallOutView.m in Sources */ = {isa = PBXBuildFile; fileRef = 1156A0D11B7E4725000AAD5C /* NAPinAnnotationCallOutView.m */; };
		1156A0F11B7E4725000AAD5C /* NAPinAnnotationMapView.m in Sources */ = {isa = PBXBuildFile; fileRef = 1156A0D31B7E4725000AAD5C /* NAPinAnnotationMapView.m */; };
		1156A0F21B7E4725000AAD5C /* NAPinAnnotationView.m in Sources */ = {isa = PBXBuildFile; fileRef = 1156A0D51B7E4725000AAD5C /* NAPinAnnotationView.m */; };
		1156A0F31B7E4725000AAD5C /* NATiledImageMapView.m in Sources */ = {isa = PBXBuildFile; fileRef = 1156A0D71B7E4725000AAD5C /* NATiledImageMapView.m */; };
		1156A0F41B7E4725000AAD5C /* pin_green_floating.png in Resources */ = {isa = PBXBuildFile; fileRef = 1156A0D81B7E4725000AAD5C /* pin_green_floating.png */; };
		1156A0F51B7E4725000AAD5C /* pin_green_floating@2x.png in Resources */ = {isa = PBXBuildFile; fileRef = 1156A0D91B7E4725000AAD5C /* pin_green_floating@2x.png */; };
		1156A0F61B7E4725000AAD5C /* pin_green.png in Resources */ = {isa = PBXBuildFile; fileRef = 1156A0DA1B7E4725000AAD5C /* pin_green.png */; };
		1156A0F71B7E4725000AAD5C /* pin_green@2x.png in Resources */ = {isa = PBXBuildFile; fileRef = 1156A0DB1B7E4725000AAD5C /* pin_green@2x.png */; };
		1156A0F81B7E4725000AAD5C /* pin_purple_floating.png in Resources */ = {isa = PBXBuildFile; fileRef = 1156A0DC1B7E4725000AAD5C /* pin_purple_floating.png */; };
		1156A0F91B7E4725000AAD5C /* pin_purple_floating@2x.png in Resources */ = {isa = PBXBuildFile; fileRef = 1156A0DD1B7E4725000AAD5C /* pin_purple_floating@2x.png */; };
		1156A0FA1B7E4725000AAD5C /* pin_purple.png in Resources */ = {isa = PBXBuildFile; fileRef = 1156A0DE1B7E4725000AAD5C /* pin_purple.png */; };
		1156A0FB1B7E4725000AAD5C /* pin_purple@2x.png in Resources */ = {isa = PBXBuildFile; fileRef = 1156A0DF1B7E4725000AAD5C /* pin_purple@2x.png */; };
		1156A0FC1B7E4725000AAD5C /* pin_red_floating.png in Resources */ = {isa = PBXBuildFile; fileRef = 1156A0E01B7E4725000AAD5C /* pin_red_floating.png */; };
		1156A0FD1B7E4725000AAD5C /* pin_red_floating@2x.png in Resources */ = {isa = PBXBuildFile; fileRef = 1156A0E11B7E4725000AAD5C /* pin_red_floating@2x.png */; };
		1156A0FE1B7E4725000AAD5C /* pin_red.png in Resources */ = {isa = PBXBuildFile; fileRef = 1156A0E21B7E4725000AAD5C /* pin_red.png */; };
		1156A0FF1B7E4725000AAD5C /* pin_red@2x.png in Resources */ = {isa = PBXBuildFile; fileRef = 1156A0E31B7E4725000AAD5C /* pin_red@2x.png */; };
		1D3623260D0F684500981E51 /* DemoAppDelegate.m in Sources */ = {isa = PBXBuildFile; fileRef = 1D3623250D0F684500981E51 /* DemoAppDelegate.m */; };
		1D60589B0D05DD56006BFB54 /* main.m in Sources */ = {isa = PBXBuildFile; fileRef = 29B97316FDCFA39411CA2CEA /* main.m */; };
		1D60589F0D05DD5A006BFB54 /* Foundation.framework in Frameworks */ = {isa = PBXBuildFile; fileRef = 1D30AB110D05D00D00671497 /* Foundation.framework */; };
		1DF5F4E00D08C38300B7A737 /* UIKit.framework in Frameworks */ = {isa = PBXBuildFile; fileRef = 1DF5F4DF0D08C38300B7A737 /* UIKit.framework */; };
		288765A50DF7441C002DB57D /* CoreGraphics.framework in Frameworks */ = {isa = PBXBuildFile; fileRef = 288765A40DF7441C002DB57D /* CoreGraphics.framework */; };
		2899E5220DE3E06400AC0155 /* DemoViewController.xib in Resources */ = {isa = PBXBuildFile; fileRef = 2899E5210DE3E06400AC0155 /* DemoViewController.xib */; };
		28AD733F0D9D9553002E5188 /* MainWindow.xib in Resources */ = {isa = PBXBuildFile; fileRef = 28AD733E0D9D9553002E5188 /* MainWindow.xib */; };
		28D7ACF80DDB3853001CB0EB /* DemoViewController.m in Sources */ = {isa = PBXBuildFile; fileRef = 28D7ACF70DDB3853001CB0EB /* DemoViewController.m */; };
		B39E25F511FD64EF00DEEF42 /* QuartzCore.framework in Frameworks */ = {isa = PBXBuildFile; fileRef = B39E25F411FD64EF00DEEF42 /* QuartzCore.framework */; };
		DAA72A4B1B7915210064D1E0 /* 123.png in Resources */ = {isa = PBXBuildFile; fileRef = DAA72A4A1B7915210064D1E0 /* 123.png */; };
/* End PBXBuildFile section */

/* Begin PBXFileReference section */
		1156A0BF1B7E4725000AAD5C /* callout_anchor.png */ = {isa = PBXFileReference; lastKnownFileType = image.png; name = callout_anchor.png; path = "../../../NAMapKit-master 2/NAMapKit/callout_anchor.png"; sourceTree = "<group>"; };
		1156A0C01B7E4725000AAD5C /* callout_anchor@2x.png */ = {isa = PBXFileReference; lastKnownFileType = image.png; name = "callout_anchor@2x.png"; path = "../../../NAMapKit-master 2/NAMapKit/callout_anchor@2x.png"; sourceTree = "<group>"; };
		1156A0C11B7E4725000AAD5C /* callout_bg.png */ = {isa = PBXFileReference; lastKnownFileType = image.png; name = callout_bg.png; path = "../../../NAMapKit-master 2/NAMapKit/callout_bg.png"; sourceTree = "<group>"; };
		1156A0C21B7E4725000AAD5C /* callout_bg@2x.png */ = {isa = PBXFileReference; lastKnownFileType = image.png; name = "callout_bg@2x.png"; path = "../../../NAMapKit-master 2/NAMapKit/callout_bg@2x.png"; sourceTree = "<group>"; };
		1156A0C31B7E4725000AAD5C /* callout_left.png */ = {isa = PBXFileReference; lastKnownFileType = image.png; name = callout_left.png; path = "../../../NAMapKit-master 2/NAMapKit/callout_left.png"; sourceTree = "<group>"; };
		1156A0C41B7E4725000AAD5C /* callout_left@2x.png */ = {isa = PBXFileReference; lastKnownFileType = image.png; name = "callout_left@2x.png"; path = "../../../NAMapKit-master 2/NAMapKit/callout_left@2x.png"; sourceTree = "<group>"; };
		1156A0C51B7E4725000AAD5C /* callout_right.png */ = {isa = PBXFileReference; lastKnownFileType = image.png; name = callout_right.png; path = "../../../NAMapKit-master 2/NAMapKit/callout_right.png"; sourceTree = "<group>"; };
		1156A0C61B7E4725000AAD5C /* callout_right@2x.png */ = {isa = PBXFileReference; lastKnownFileType = image.png; name = "callout_right@2x.png"; path = "../../../NAMapKit-master 2/NAMapKit/callout_right@2x.png"; sourceTree = "<group>"; };
		1156A0C71B7E4725000AAD5C /* NAAnnotation.h */ = {isa = PBXFileReference; fileEncoding = 4; lastKnownFileType = sourcecode.c.h; name = NAAnnotation.h; path = "../../../NAMapKit-master 2/NAMapKit/NAAnnotation.h"; sourceTree = "<group>"; };
		1156A0C81B7E4725000AAD5C /* NAAnnotation.m */ = {isa = PBXFileReference; fileEncoding = 4; lastKnownFileType = sourcecode.c.objc; name = NAAnnotation.m; path = "../../../NAMapKit-master 2/NAMapKit/NAAnnotation.m"; sourceTree = "<group>"; };
		1156A0C91B7E4725000AAD5C /* NADotAnnotation.h */ = {isa = PBXFileReference; fileEncoding = 4; lastKnownFileType = sourcecode.c.h; name = NADotAnnotation.h; path = "../../../NAMapKit-master 2/NAMapKit/NADotAnnotation.h"; sourceTree = "<group>"; };
		1156A0CA1B7E4725000AAD5C /* NADotAnnotation.m */ = {isa = PBXFileReference; fileEncoding = 4; lastKnownFileType = sourcecode.c.objc; name = NADotAnnotation.m; path = "../../../NAMapKit-master 2/NAMapKit/NADotAnnotation.m"; sourceTree = "<group>"; };
		1156A0CB1B7E4725000AAD5C /* NAMapView.h */ = {isa = PBXFileReference; fileEncoding = 4; lastKnownFileType = sourcecode.c.h; name = NAMapView.h; path = "../../../NAMapKit-master 2/NAMapKit/NAMapView.h"; sourceTree = "<group>"; };
		1156A0CC1B7E4725000AAD5C /* NAMapView.m */ = {isa = PBXFileReference; fileEncoding = 4; lastKnownFileType = sourcecode.c.objc; name = NAMapView.m; path = "../../../NAMapKit-master 2/NAMapKit/NAMapView.m"; sourceTree = "<group>"; };
		1156A0CD1B7E4725000AAD5C /* NAMapViewDelegate.h */ = {isa = PBXFileReference; fileEncoding = 4; lastKnownFileType = sourcecode.c.h; name = NAMapViewDelegate.h; path = "../../../NAMapKit-master 2/NAMapKit/NAMapViewDelegate.h"; sourceTree = "<group>"; };
		1156A0CE1B7E4725000AAD5C /* NAPinAnnotation.h */ = {isa = PBXFileReference; fileEncoding = 4; lastKnownFileType = sourcecode.c.h; name = NAPinAnnotation.h; path = "../../../NAMapKit-master 2/NAMapKit/NAPinAnnotation.h"; sourceTree = "<group>"; };
		1156A0CF1B7E4725000AAD5C /* NAPinAnnotation.m */ = {isa = PBXFileReference; fileEncoding = 4; lastKnownFileType = sourcecode.c.objc; name = NAPinAnnotation.m; path = "../../../NAMapKit-master 2/NAMapKit/NAPinAnnotation.m"; sourceTree = "<group>"; };
		1156A0D01B7E4725000AAD5C /* NAPinAnnotationCallOutView.h */ = {isa = PBXFileReference; fileEncoding = 4; lastKnownFileType = sourcecode.c.h; name = NAPinAnnotationCallOutView.h; path = "../../../NAMapKit-master 2/NAMapKit/NAPinAnnotationCallOutView.h"; sourceTree = "<group>"; };
		1156A0D11B7E4725000AAD5C /* NAPinAnnotationCallOutView.m */ = {isa = PBXFileReference; fileEncoding = 4; lastKnownFileType = sourcecode.c.objc; name = NAPinAnnotationCallOutView.m; path = "../../../NAMapKit-master 2/NAMapKit/NAPinAnnotationCallOutView.m"; sourceTree = "<group>"; };
		1156A0D21B7E4725000AAD5C /* NAPinAnnotationMapView.h */ = {isa = PBXFileReference; fileEncoding = 4; lastKnownFileType = sourcecode.c.h; name = NAPinAnnotationMapView.h; path = "../../../NAMapKit-master 2/NAMapKit/NAPinAnnotationMapView.h"; sourceTree = "<group>"; };
		1156A0D31B7E4725000AAD5C /* NAPinAnnotationMapView.m */ = {isa = PBXFileReference; fileEncoding = 4; lastKnownFileType = sourcecode.c.objc; name = NAPinAnnotationMapView.m; path = "../../../NAMapKit-master 2/NAMapKit/NAPinAnnotationMapView.m"; sourceTree = "<group>"; };
		1156A0D41B7E4725000AAD5C /* NAPinAnnotationView.h */ = {isa = PBXFileReference; fileEncoding = 4; lastKnownFileType = sourcecode.c.h; name = NAPinAnnotationView.h; path = "../../../NAMapKit-master 2/NAMapKit/NAPinAnnotationView.h"; sourceTree = "<group>"; };
		1156A0D51B7E4725000AAD5C /* NAPinAnnotationView.m */ = {isa = PBXFileReference; fileEncoding = 4; lastKnownFileType = sourcecode.c.objc; name = NAPinAnnotationView.m; path = "../../../NAMapKit-master 2/NAMapKit/NAPinAnnotationView.m"; sourceTree = "<group>"; };
		1156A0D61B7E4725000AAD5C /* NATiledImageMapView.h */ = {isa = PBXFileReference; fileEncoding = 4; lastKnownFileType = sourcecode.c.h; name = NATiledImageMapView.h; path = "../../../NAMapKit-master 2/NAMapKit/NATiledImageMapView.h"; sourceTree = "<group>"; };
		1156A0D71B7E4725000AAD5C /* NATiledImageMapView.m */ = {isa = PBXFileReference; fileEncoding = 4; lastKnownFileType = sourcecode.c.objc; name = NATiledImageMapView.m; path = "../../../NAMapKit-master 2/NAMapKit/NATiledImageMapView.m"; sourceTree = "<group>"; };
		1156A0D81B7E4725000AAD5C /* pin_green_floating.png */ = {isa = PBXFileReference; lastKnownFileType = image.png; name = pin_green_floating.png; path = "../../../NAMapKit-master 2/NAMapKit/pin_green_floating.png"; sourceTree = "<group>"; };
		1156A0D91B7E4725000AAD5C /* pin_green_floating@2x.png */ = {isa = PBXFileReference; lastKnownFileType = image.png; name = "pin_green_floating@2x.png"; path = "../../../NAMapKit-master 2/NAMapKit/pin_green_floating@2x.png"; sourceTree = "<group>"; };
		1156A0DA1B7E4725000AAD5C /* pin_green.png */ = {isa = PBXFileReference; lastKnownFileType = image.png; name = pin_green.png; path = "../../../NAMapKit-master 2/NAMapKit/pin_green.png"; sourceTree = "<group>"; };
		1156A0DB1B7E4725000AAD5C /* pin_green@2x.png */ = {isa = PBXFileReference; lastKnownFileType = image.png; name = "pin_green@2x.png"; path = "../../../NAMapKit-master 2/NAMapKit/pin_green@2x.png"; sourceTree = "<group>"; };
		1156A0DC1B7E4725000AAD5C /* pin_purple_floating.png */ = {isa = PBXFileReference; lastKnownFileType = image.png; name = pin_purple_floating.png; path = "../../../NAMapKit-master 2/NAMapKit/pin_purple_floating.png"; sourceTree = "<group>"; };
		1156A0DD1B7E4725000AAD5C /* pin_purple_floating@2x.png */ = {isa = PBXFileReference; lastKnownFileType = image.png; name = "pin_purple_floating@2x.png"; path = "../../../NAMapKit-master 2/NAMapKit/pin_purple_floating@2x.png"; sourceTree = "<group>"; };
		1156A0DE1B7E4725000AAD5C /* pin_purple.png */ = {isa = PBXFileReference; lastKnownFileType = image.png; name = pin_purple.png; path = "../../../NAMapKit-master 2/NAMapKit/pin_purple.png"; sourceTree = "<group>"; };
		1156A0DF1B7E4725000AAD5C /* pin_purple@2x.png */ = {isa = PBXFileReference; lastKnownFileType = image.png; name = "pin_purple@2x.png"; path = "../../../NAMapKit-master 2/NAMapKit/pin_purple@2x.png"; sourceTree = "<group>"; };
		1156A0E01B7E4725000AAD5C /* pin_red_floating.png */ = {isa = PBXFileReference; lastKnownFileType = image.png; name = pin_red_floating.png; path = "../../../NAMapKit-master 2/NAMapKit/pin_red_floating.png"; sourceTree = "<group>"; };
		1156A0E11B7E4725000AAD5C /* pin_red_floating@2x.png */ = {isa = PBXFileReference; lastKnownFileType = image.png; name = "pin_red_floating@2x.png"; path = "../../../NAMapKit-master 2/NAMapKit/pin_red_floating@2x.png"; sourceTree = "<group>"; };
		1156A0E21B7E4725000AAD5C /* pin_red.png */ = {isa = PBXFileReference; lastKnownFileType = image.png; name = pin_red.png; path = "../../../NAMapKit-master 2/NAMapKit/pin_red.png"; sourceTree = "<group>"; };
		1156A0E31B7E4725000AAD5C /* pin_red@2x.png */ = {isa = PBXFileReference; lastKnownFileType = image.png; name = "pin_red@2x.png"; path = "../../../NAMapKit-master 2/NAMapKit/pin_red@2x.png"; sourceTree = "<group>"; };
		1D30AB110D05D00D00671497 /* Foundation.framework */ = {isa = PBXFileReference; lastKnownFileType = wrapper.framework; name = Foundation.framework; path = System/Library/Frameworks/Foundation.framework; sourceTree = SDKROOT; };
		1D3623240D0F684500981E51 /* DemoAppDelegate.h */ = {isa = PBXFileReference; fileEncoding = 4; lastKnownFileType = sourcecode.c.h; path = DemoAppDelegate.h; sourceTree = "<group>"; };
		1D3623250D0F684500981E51 /* DemoAppDelegate.m */ = {isa = PBXFileReference; fileEncoding = 4; lastKnownFileType = sourcecode.c.objc; path = DemoAppDelegate.m; sourceTree = "<group>"; };
		1D6058910D05DD3D006BFB54 /* Demo.app */ = {isa = PBXFileReference; explicitFileType = wrapper.application; includeInIndex = 0; path = Demo.app; sourceTree = BUILT_PRODUCTS_DIR; };
		1DF5F4DF0D08C38300B7A737 /* UIKit.framework */ = {isa = PBXFileReference; lastKnownFileType = wrapper.framework; name = UIKit.framework; path = System/Library/Frameworks/UIKit.framework; sourceTree = SDKROOT; };
		288765A40DF7441C002DB57D /* CoreGraphics.framework */ = {isa = PBXFileReference; lastKnownFileType = wrapper.framework; name = CoreGraphics.framework; path = System/Library/Frameworks/CoreGraphics.framework; sourceTree = SDKROOT; };
		2899E5210DE3E06400AC0155 /* DemoViewController.xib */ = {isa = PBXFileReference; lastKnownFileType = file.xib; path = DemoViewController.xib; sourceTree = "<group>"; };
		28AD733E0D9D9553002E5188 /* MainWindow.xib */ = {isa = PBXFileReference; lastKnownFileType = file.xib; path = MainWindow.xib; sourceTree = "<group>"; };
		28D7ACF60DDB3853001CB0EB /* DemoViewController.h */ = {isa = PBXFileReference; fileEncoding = 4; lastKnownFileType = sourcecode.c.h; path = DemoViewController.h; sourceTree = "<group>"; };
		28D7ACF70DDB3853001CB0EB /* DemoViewController.m */ = {isa = PBXFileReference; fileEncoding = 4; lastKnownFileType = sourcecode.c.objc; path = DemoViewController.m; sourceTree = "<group>"; };
		29B97316FDCFA39411CA2CEA /* main.m */ = {isa = PBXFileReference; fileEncoding = 4; lastKnownFileType = sourcecode.c.objc; path = main.m; sourceTree = "<group>"; };
		32CA4F630368D1EE00C91783 /* Demo_Prefix.pch */ = {isa = PBXFileReference; fileEncoding = 4; lastKnownFileType = sourcecode.c.h; path = Demo_Prefix.pch; sourceTree = "<group>"; };
		8D1107310486CEB800E47090 /* Demo-Info.plist */ = {isa = PBXFileReference; fileEncoding = 4; lastKnownFileType = text.plist.xml; path = "Demo-Info.plist"; plistStructureDefinitionIdentifier = "com.apple.xcode.plist.structure-definition.iphone.info-plist"; sourceTree = "<group>"; };
		B39E25F411FD64EF00DEEF42 /* QuartzCore.framework */ = {isa = PBXFileReference; lastKnownFileType = wrapper.framework; name = QuartzCore.framework; path = System/Library/Frameworks/QuartzCore.framework; sourceTree = SDKROOT; };
		DAA72A4A1B7915210064D1E0 /* 123.png */ = {isa = PBXFileReference; lastKnownFileType = image.png; path = 123.png; sourceTree = "<group>"; };
/* End PBXFileReference section */

/* Begin PBXFrameworksBuildPhase section */
		1D60588F0D05DD3D006BFB54 /* Frameworks */ = {
			isa = PBXFrameworksBuildPhase;
			buildActionMask = 2147483647;
			files = (
				1D60589F0D05DD5A006BFB54 /* Foundation.framework in Frameworks */,
				1DF5F4E00D08C38300B7A737 /* UIKit.framework in Frameworks */,
				288765A50DF7441C002DB57D /* CoreGraphics.framework in Frameworks */,
				B39E25F511FD64EF00DEEF42 /* QuartzCore.framework in Frameworks */,
			);
			runOnlyForDeploymentPostprocessing = 0;
		};
/* End PBXFrameworksBuildPhase section */

/* Begin PBXGroup section */
		080E96DDFE201D6D7F000001 /* Classes */ = {
			isa = PBXGroup;
			children = (
				B3FA23C911F923720003376D /* NAMapKit */,
				1D3623240D0F684500981E51 /* DemoAppDelegate.h */,
				1D3623250D0F684500981E51 /* DemoAppDelegate.m */,
				28D7ACF60DDB3853001CB0EB /* DemoViewController.h */,
				28D7ACF70DDB3853001CB0EB /* DemoViewController.m */,
			);
			path = Classes;
			sourceTree = "<group>";
		};
		19C28FACFE9D520D11CA2CBB /* Products */ = {
			isa = PBXGroup;
			children = (
				1D6058910D05DD3D006BFB54 /* Demo.app */,
			);
			name = Products;
			sourceTree = "<group>";
		};
		29B97314FDCFA39411CA2CEA /* CustomTemplate */ = {
			isa = PBXGroup;
			children = (
				080E96DDFE201D6D7F000001 /* Classes */,
				29B97315FDCFA39411CA2CEA /* Other Sources */,
				29B97317FDCFA39411CA2CEA /* Resources */,
				29B97323FDCFA39411CA2CEA /* Frameworks */,
				19C28FACFE9D520D11CA2CBB /* Products */,
			);
			name = CustomTemplate;
			sourceTree = "<group>";
		};
		29B97315FDCFA39411CA2CEA /* Other Sources */ = {
			isa = PBXGroup;
			children = (
				32CA4F630368D1EE00C91783 /* Demo_Prefix.pch */,
				29B97316FDCFA39411CA2CEA /* main.m */,
			);
			name = "Other Sources";
			sourceTree = "<group>";
		};
		29B97317FDCFA39411CA2CEA /* Resources */ = {
			isa = PBXGroup;
			children = (
				DAA72A4A1B7915210064D1E0 /* 123.png */,
				2899E5210DE3E06400AC0155 /* DemoViewController.xib */,
				28AD733E0D9D9553002E5188 /* MainWindow.xib */,
				8D1107310486CEB800E47090 /* Demo-Info.plist */,
			);
			name = Resources;
			sourceTree = "<group>";
		};
		29B97323FDCFA39411CA2CEA /* Frameworks */ = {
			isa = PBXGroup;
			children = (
				1DF5F4DF0D08C38300B7A737 /* UIKit.framework */,
				1D30AB110D05D00D00671497 /* Foundation.framework */,
				288765A40DF7441C002DB57D /* CoreGraphics.framework */,
				B39E25F411FD64EF00DEEF42 /* QuartzCore.framework */,
			);
			name = Frameworks;
			sourceTree = "<group>";
		};
		B3FA23C911F923720003376D /* NAMapKit */ = {
			isa = PBXGroup;
			children = (
				1156A0BF1B7E4725000AAD5C /* callout_anchor.png */,
				1156A0C01B7E4725000AAD5C /* callout_anchor@2x.png */,
				1156A0C11B7E4725000AAD5C /* callout_bg.png */,
				1156A0C21B7E4725000AAD5C /* callout_bg@2x.png */,
				1156A0C31B7E4725000AAD5C /* callout_left.png */,
				1156A0C41B7E4725000AAD5C /* callout_left@2x.png */,
				1156A0C51B7E4725000AAD5C /* callout_right.png */,
				1156A0C61B7E4725000AAD5C /* callout_right@2x.png */,
				1156A0C71B7E4725000AAD5C /* NAAnnotation.h */,
				1156A0C81B7E4725000AAD5C /* NAAnnotation.m */,
				1156A0C91B7E4725000AAD5C /* NADotAnnotation.h */,
				1156A0CA1B7E4725000AAD5C /* NADotAnnotation.m */,
				1156A0CB1B7E4725000AAD5C /* NAMapView.h */,
				1156A0CC1B7E4725000AAD5C /* NAMapView.m */,
				1156A0CD1B7E4725000AAD5C /* NAMapViewDelegate.h */,
				1156A0CE1B7E4725000AAD5C /* NAPinAnnotation.h */,
				1156A0CF1B7E4725000AAD5C /* NAPinAnnotation.m */,
				1156A0D01B7E4725000AAD5C /* NAPinAnnotationCallOutView.h */,
				1156A0D11B7E4725000AAD5C /* NAPinAnnotationCallOutView.m */,
				1156A0D21B7E4725000AAD5C /* NAPinAnnotationMapView.h */,
				1156A0D31B7E4725000AAD5C /* NAPinAnnotationMapView.m */,
				1156A0D41B7E4725000AAD5C /* NAPinAnnotationView.h */,
				1156A0D51B7E4725000AAD5C /* NAPinAnnotationView.m */,
				1156A0D61B7E4725000AAD5C /* NATiledImageMapView.h */,
				1156A0D71B7E4725000AAD5C /* NATiledImageMapView.m */,
				1156A0D81B7E4725000AAD5C /* pin_green_floating.png */,
				1156A0D91B7E4725000AAD5C /* pin_green_floating@2x.png */,
				1156A0DA1B7E4725000AAD5C /* pin_green.png */,
				1156A0DB1B7E4725000AAD5C /* pin_green@2x.png */,
				1156A0DC1B7E4725000AAD5C /* pin_purple_floating.png */,
				1156A0DD1B7E4725000AAD5C /* pin_purple_floating@2x.png */,
				1156A0DE1B7E4725000AAD5C /* pin_purple.png */,
				1156A0DF1B7E4725000AAD5C /* pin_purple@2x.png */,
				1156A0E01B7E4725000AAD5C /* pin_red_floating.png */,
				1156A0E11B7E4725000AAD5C /* pin_red_floating@2x.png */,
				1156A0E21B7E4725000AAD5C /* pin_red.png */,
				1156A0E31B7E4725000AAD5C /* pin_red@2x.png */,
			);
			name = NAMapKit;
			path = ../../NAMapKit;
			sourceTree = "<group>";
		};
/* End PBXGroup section */

/* Begin PBXNativeTarget section */
		1D6058900D05DD3D006BFB54 /* Demo */ = {
			isa = PBXNativeTarget;
			buildConfigurationList = 1D6058960D05DD3E006BFB54 /* Build configuration list for PBXNativeTarget "Demo" */;
			buildPhases = (
				1D60588D0D05DD3D006BFB54 /* Resources */,
				1D60588E0D05DD3D006BFB54 /* Sources */,
				1D60588F0D05DD3D006BFB54 /* Frameworks */,
			);
			buildRules = (
			);
			dependencies = (
			);
			name = Demo;
			productName = Demo;
			productReference = 1D6058910D05DD3D006BFB54 /* Demo.app */;
			productType = "com.apple.product-type.application";
		};
/* End PBXNativeTarget section */

/* Begin PBXProject section */
		29B97313FDCFA39411CA2CEA /* Project object */ = {
			isa = PBXProject;
			attributes = {
			};
			buildConfigurationList = C01FCF4E08A954540054247B /* Build configuration list for PBXProject "Demo" */;
			compatibilityVersion = "Xcode 3.1";
			developmentRegion = English;
			hasScannedForEncodings = 1;
			knownRegions = (
				English,
				Japanese,
				French,
				German,
			);
			mainGroup = 29B97314FDCFA39411CA2CEA /* CustomTemplate */;
			projectDirPath = "";
			projectRoot = "";
			targets = (
				1D6058900D05DD3D006BFB54 /* Demo */,
			);
		};
/* End PBXProject section */

/* Begin PBXResourcesBuildPhase section */
		1D60588D0D05DD3D006BFB54 /* Resources */ = {
			isa = PBXResourcesBuildPhase;
			buildActionMask = 2147483647;
			files = (
				1156A0F91B7E4725000AAD5C /* pin_purple_floating@2x.png in Resources */,
				1156A0FD1B7E4725000AAD5C /* pin_red_floating@2x.png in Resources */,
				1156A0E71B7E4725000AAD5C /* callout_bg@2x.png in Resources */,
				1156A0E81B7E4725000AAD5C /* callout_left.png in Resources */,
				1156A0FA1B7E4725000AAD5C /* pin_purple.png in Resources */,
				28AD733F0D9D9553002E5188 /* MainWindow.xib in Resources */,
				1156A0E91B7E4725000AAD5C /* callout_left@2x.png in Resources */,
				1156A0F51B7E4725000AAD5C /* pin_green_floating@2x.png in Resources */,
				1156A0EB1B7E4725000AAD5C /* callout_right@2x.png in Resources */,
				2899E5220DE3E06400AC0155 /* DemoViewController.xib in Resources */,
				1156A0E41B7E4725000AAD5C /* callout_anchor.png in Resources */,
				1156A0EA1B7E4725000AAD5C /* callout_right.png in Resources */,
				1156A0E51B7E4725000AAD5C /* callout_anchor@2x.png in Resources */,
				1156A0FE1B7E4725000AAD5C /* pin_red.png in Resources */,
				1156A0F81B7E4725000AAD5C /* pin_purple_floating.png in Resources */,
				1156A0E61B7E4725000AAD5C /* callout_bg.png in Resources */,
				1156A0FF1B7E4725000AAD5C /* pin_red@2x.png in Resources */,
				1156A0F71B7E4725000AAD5C /* pin_green@2x.png in Resources */,
				DAA72A4B1B7915210064D1E0 /* 123.png in Resources */,
				1156A0F61B7E4725000AAD5C /* pin_green.png in Resources */,
				1156A0FB1B7E4725000AAD5C /* pin_purple@2x.png in Resources */,
				1156A0F41B7E4725000AAD5C /* pin_green_floating.png in Resources */,
				1156A0FC1B7E4725000AAD5C /* pin_red_floating.png in Resources */,
			);
			runOnlyForDeploymentPostprocessing = 0;
		};
/* End PBXResourcesBuildPhase section */

/* Begin PBXSourcesBuildPhase section */
		1D60588E0D05DD3D006BFB54 /* Sources */ = {
			isa = PBXSourcesBuildPhase;
			buildActionMask = 2147483647;
			files = (
				1D60589B0D05DD56006BFB54 /* main.m in Sources */,
				1156A0F31B7E4725000AAD5C /* NATiledImageMapView.m in Sources */,
				1D3623260D0F684500981E51 /* DemoAppDelegate.m in Sources */,
				1156A0EC1B7E4725000AAD5C /* NAAnnotation.m in Sources */,
				28D7ACF80DDB3853001CB0EB /* DemoViewController.m in Sources */,
				1156A0EF1B7E4725000AAD5C /* NAPinAnnotation.m in Sources */,
				1156A0F01B7E4725000AAD5C /* NAPinAnnotationCallOutView.m in Sources */,
				1156A0EE1B7E4725000AAD5C /* NAMapView.m in Sources */,
				1156A0F21B7E4725000AAD5C /* NAPinAnnotationView.m in Sources */,
				1156A0ED1B7E4725000AAD5C /* NADotAnnotation.m in Sources */,
				1156A0F11B7E4725000AAD5C /* NAPinAnnotationMapView.m in Sources */,
			);
			runOnlyForDeploymentPostprocessing = 0;
		};
/* End PBXSourcesBuildPhase section */

/* Begin XCBuildConfiguration section */
		1D6058940D05DD3E006BFB54 /* Debug */ = {
			isa = XCBuildConfiguration;
			buildSettings = {
				ALWAYS_SEARCH_USER_PATHS = NO;
				COPY_PHASE_STRIP = NO;
				GCC_DYNAMIC_NO_PIC = NO;
				GCC_OPTIMIZATION_LEVEL = 0;
				GCC_PRECOMPILE_PREFIX_HEADER = YES;
				GCC_PREFIX_HEADER = Demo_Prefix.pch;
				INFOPLIST_FILE = "Demo-Info.plist";
				PRODUCT_NAME = Demo;
			};
			name = Debug;
		};
		1D6058950D05DD3E006BFB54 /* Release */ = {
			isa = XCBuildConfiguration;
			buildSettings = {
				ALWAYS_SEARCH_USER_PATHS = NO;
				COPY_PHASE_STRIP = YES;
				GCC_PRECOMPILE_PREFIX_HEADER = YES;
				GCC_PREFIX_HEADER = Demo_Prefix.pch;
				INFOPLIST_FILE = "Demo-Info.plist";
				PRODUCT_NAME = Demo;
				VALIDATE_PRODUCT = YES;
			};
			name = Release;
		};
		C01FCF4F08A954540054247B /* Debug */ = {
			isa = XCBuildConfiguration;
			buildSettings = {
				ARCHS = "$(ARCHS_STANDARD_32_BIT)";
				"CODE_SIGN_IDENTITY[sdk=iphoneos*]" = "iPhone Developer";
				GCC_C_LANGUAGE_STANDARD = c99;
				GCC_WARN_ABOUT_RETURN_TYPE = YES;
				GCC_WARN_UNUSED_VARIABLE = YES;
				PREBINDING = NO;
				SDKROOT = iphoneos;
			};
			name = Debug;
		};
		C01FCF5008A954540054247B /* Release */ = {
			isa = XCBuildConfiguration;
			buildSettings = {
				ARCHS = "$(ARCHS_STANDARD_32_BIT)";
				"CODE_SIGN_IDENTITY[sdk=iphoneos*]" = "iPhone Developer";
				GCC_C_LANGUAGE_STANDARD = c99;
				GCC_WARN_ABOUT_RETURN_TYPE = YES;
				GCC_WARN_UNUSED_VARIABLE = YES;
				OTHER_CFLAGS = "-DNS_BLOCK_ASSERTIONS=1";
				PREBINDING = NO;
				SDKROOT = iphoneos;
			};
			name = Release;
		};
/* End XCBuildConfiguration section */

/* Begin XCConfigurationList section */
		1D6058960D05DD3E006BFB54 /* Build configuration list for PBXNativeTarget "Demo" */ = {
			isa = XCConfigurationList;
			buildConfigurations = (
				1D6058940D05DD3E006BFB54 /* Debug */,
				1D6058950D05DD3E006BFB54 /* Release */,
			);
			defaultConfigurationIsVisible = 0;
			defaultConfigurationName = Release;
		};
		C01FCF4E08A954540054247B /* Build configuration list for PBXProject "Demo" */ = {
			isa = XCConfigurationList;
			buildConfigurations = (
				C01FCF4F08A954540054247B /* Debug */,
				C01FCF5008A954540054247B /* Release */,
			);
			defaultConfigurationIsVisible = 0;
			defaultConfigurationName = Release;
		};
/* End XCConfigurationList section */
	};
	rootObject = 29B97313FDCFA39411CA2CEA /* Project object */;
}
